
Microsoft Visual Studio Solution File, Format Version 12.00
# Visual Studio Version 17
VisualStudioVersion = 17.5.33516.290
MinimumVisualStudioVersion = 10.0.40219.1
Project("{9A19103F-16F7-4668-BE54-9A1E7A4F7556}") = "AmazonSPAPIClient", "..\AmazonSPAPIClient\AmazonSPAPIClient.csproj", "{B7BF0BC1-8669-40A4-99FF-E872CC5C5958}"
EndProject
Project("{9A19103F-16F7-4668-BE54-9A1E7A4F7556}") = "denModels", "..\denModels\denModels.csproj", "{88CD7327-D232-4085-8C67-F5AAEB2206E4}"
EndProject
Project("{9A19103F-16F7-4668-BE54-9A1E7A4F7556}") = "denLanguageResourses", "..\denLanguageResourses\denLanguageResourses.csproj", "{DE4BDE0B-B745-40BB-A4CC-394008988366}"
EndProject
Project("{9A19103F-16F7-4668-BE54-9A1E7A4F7556}") = "denSharedLibrary", "..\denSharedLibrary\denSharedLibrary.csproj", "{3E09119D-5BA2-494A-9CC8-F0348EBDD356}"
EndProject
Project("{9A19103F-16F7-4668-BE54-9A1E7A4F7556}") = "denMethods", "..\denMethods\denMethods.csproj", "{4F5EB059-A556-4FA8-9DEF-C1A88AD23237}"
EndProject
Project("{9A19103F-16F7-4668-BE54-9A1E7A4F7556}") = "Time4PartsV2", "..\Time4PartsV2\Time4PartsV2.csproj", "{F306555D-8158-4A17-8C6F-0A7CF30EBB5B}"
EndProject
Project("{9A19103F-16F7-4668-BE54-9A1E7A4F7556}") = "denViewModels", "..\denViewModels\denViewModels.csproj", "{FFC6A8E5-0B9C-45D3-9EC6-493C01DF70D9}"
EndProject
Project("{9A19103F-16F7-4668-BE54-9A1E7A4F7556}") = "CasioUKDeliveriesMVVM", "..\CasioUKDeliveriesMVVM\CasioUKDeliveriesMVVM.csproj", "{77CDF6DE-9E9A-40C6-8D5C-E96D2E357E43}"
EndProject
Project("{9A19103F-16F7-4668-BE54-9A1E7A4F7556}") = "denWPFSharedLibrary", "..\denWPFSharedLibrary\denWPFSharedLibrary.csproj", "{B37F5288-5E1F-46DF-B6D8-0C03112BE851}"
EndProject
Project("{9A19103F-16F7-4668-BE54-9A1E7A4F7556}") = "BusinessDetailsControl", "..\BusinessDetailsControl\BusinessDetailsControl.csproj", "{21BA488E-B8E9-400C-9E98-13FDA7407F46}"
EndProject
Project("{9A19103F-16F7-4668-BE54-9A1E7A4F7556}") = "ColourBrowserMVVM", "..\ColourBrowserMVVM\ColourBrowserMVVM.csproj", "{B2750202-3D7B-44C2-9DE7-D212C7655D3C}"
EndProject
Project("{9A19103F-16F7-4668-BE54-9A1E7A4F7556}") = "CurOrdMVVM", "..\CurOrdMVVM\CurOrdMVVM.csproj", "{A25D8981-E6AA-4B6A-9CF0-C68271275222}"
EndProject
Project("{9A19103F-16F7-4668-BE54-9A1E7A4F7556}") = "PngAnimator", "..\PngAnimator\PngAnimator.csproj", "{2DBB503A-E38F-48E5-874C-B424162AA11A}"
EndProject
Project("{9A19103F-16F7-4668-BE54-9A1E7A4F7556}") = "denTerminalScreen", "..\denTerminalScreen\denTerminalScreen.csproj", "{D5DAC37B-2EEC-46C8-93E2-6611161EE5E4}"
EndProject
Project("{9A19103F-16F7-4668-BE54-9A1E7A4F7556}") = "denLabelMVVM", "..\denLabelMVVM\denLabelMVVM.csproj", "{1EBF178C-F6A7-4740-B595-7CD07EB01D83}"
EndProject
Project("{9A19103F-16F7-4668-BE54-9A1E7A4F7556}") = "MayAlsoFitMVVM", "..\MayAlsoFitMVVM\MayAlsoFitMVVM.csproj", "{35261459-1435-4EE3-893F-B9E351175C0B}"
EndProject
Project("{9A19103F-16F7-4668-BE54-9A1E7A4F7556}") = "OrdBroMVVM", "..\OrdBroMVVM\OrdBroMVVM.csproj", "{ED581BD6-0440-477B-ACE8-FC0371FF9D5E}"
EndProject
Project("{9A19103F-16F7-4668-BE54-9A1E7A4F7556}") = "ParametersMVVM", "..\ParametersMVVM\ParametersMVVM.csproj", "{2A045EA6-5E74-4BF1-9934-E2B2B385AA92}"
EndProject
Project("{9A19103F-16F7-4668-BE54-9A1E7A4F7556}") = "ProBroMVVM", "..\ProBroMVVM\ProBroMVVM.csproj", "{A3BE34BD-09B0-42B3-8A14-5E1663D942B9}"
EndProject
Project("{9A19103F-16F7-4668-BE54-9A1E7A4F7556}") = "SalesSummaryControl", "..\SalesSummaryControl\SalesSummaryControl.csproj", "{6D584F6D-8A54-472B-BDAA-D39B6362FCF3}"
EndProject
Project("{9A19103F-16F7-4668-BE54-9A1E7A4F7556}") = "StorageExplorerMVVM", "..\StorageExplorerMVVM\StorageExplorerMVVM.csproj", "{B07E7543-406F-41F7-98AB-2F59BEDB68FF}"
EndProject
Project("{9A19103F-16F7-4668-BE54-9A1E7A4F7556}") = "TypesMVVM", "..\TypesMVVM\TypesMVVM.csproj", "{0A7F1DA5-95F3-4E27-B6C4-4833BC30B49D}"
EndProject
Project("{9A19103F-16F7-4668-BE54-9A1E7A4F7556}") = "WatchExplorerMVVM", "..\WatchExplorerMVVM\WatchExplorerMVVM.csproj", "{BFA12BAF-AEBD-472D-9D65-F39D6B1BEBF0}"
EndProject
Project("{9A19103F-16F7-4668-BE54-9A1E7A4F7556}") = "denMVVM", "..\denMVVM\denMVVM.csproj", "{2DAA6360-82E0-40F6-9AEA-5F36010C2C40}"
EndProject
Project("{9A19103F-16F7-4668-BE54-9A1E7A4F7556}") = "DataServicesNET80", "DataServicesNET80.csproj", "{E84A59D5-6929-4137-AE0B-18072CA05EA8}"
EndProject
Project("{9A19103F-16F7-4668-BE54-9A1E7A4F7556}") = "denEbayNET80", "..\denEbayNET80\denEbayNET80.csproj", "{F0532F18-9CD3-4E37-9285-E6DE5170023D}"
EndProject
Project("{9A19103F-16F7-4668-BE54-9A1E7A4F7556}") = "denQuickbooksNET80", "..\denQuickbooksNET80\denQuickbooksNET80.csproj", "{754B9CBE-5B2F-4589-9AFA-8C10F51EFE10}"
EndProject
Project("{9A19103F-16F7-4668-BE54-9A1E7A4F7556}") = "denWebServicesNET80", "..\denWebServicesNET80\denWebServicesNET80\denWebServicesNET80.csproj", "{DAD3F974-2550-47B0-BE88-363573974BFD}"
EndProject
Project("{9A19103F-16F7-4668-BE54-9A1E7A4F7556}") = "MucPartsNET80", "..\MucPartsNET80\MucPartsNET80.csproj", "{C04D8C35-2D4B-4BA1-A199-C24544FF4C6D}"
EndProject
Project("{9A19103F-16F7-4668-BE54-9A1E7A4F7556}") = "pusher", "..\pusher\pusher.csproj", "{D7433DE6-1DF2-4F1C-BF36-44EA2C70AE1D}"
EndProject
Project("{FAE04EC0-301F-11D3-BF4B-00C04F79EFBC}") = "denLauncher", "..\denLauncher\denLauncher.csproj", "{BD428885-ADF5-4712-AA0C-CCE932065AB5}"
EndProject
Project("{9A19103F-16F7-4668-BE54-9A1E7A4F7556}") = "denCloudCommunicator", "..\denCloudCommunicator\denCloudCommunicator.csproj", "{95620C3A-B2BD-4F94-9251-F956A9DF7B0A}"
EndProject
Project("{9A19103F-16F7-4668-BE54-9A1E7A4F7556}") = "denSignalRClient", "..\denSignalRClient\denSignalRClient.csproj", "{22C0AA41-9C43-4056-B38C-F965F4C8ADC7}"
EndProject
Project("{9A19103F-16F7-4668-BE54-9A1E7A4F7556}") = "denChatBox", "..\denChatBox\denChatBox.csproj", "{732A0186-FD0B-4EDC-A529-63E3766FE629}"
EndProject
Project("{9A19103F-16F7-4668-BE54-9A1E7A4F7556}") = "Trier", "..\Trier\Trier.csproj", "{47FBF675-54B9-4013-9FFC-D1A88C4E2FE3}"
EndProject
Global
	GlobalSection(SolutionConfigurationPlatforms) = preSolution
		Debug|Any CPU = Debug|Any CPU
		Debug|x64 = Debug|x64
		Release|Any CPU = Release|Any CPU
		Release|x64 = Release|x64
	EndGlobalSection
	GlobalSection(ProjectConfigurationPlatforms) = postSolution
		{B7BF0BC1-8669-40A4-99FF-E872CC5C5958}.Debug|Any CPU.ActiveCfg = Debug|Any CPU
		{B7BF0BC1-8669-40A4-99FF-E872CC5C5958}.Debug|Any CPU.Build.0 = Debug|Any CPU
		{B7BF0BC1-8669-40A4-99FF-E872CC5C5958}.Debug|x64.ActiveCfg = Debug|x64
		{B7BF0BC1-8669-40A4-99FF-E872CC5C5958}.Debug|x64.Build.0 = Debug|x64
		{B7BF0BC1-8669-40A4-99FF-E872CC5C5958}.Release|Any CPU.ActiveCfg = Release|Any CPU
		{B7BF0BC1-8669-40A4-99FF-E872CC5C5958}.Release|Any CPU.Build.0 = Release|Any CPU
		{B7BF0BC1-8669-40A4-99FF-E872CC5C5958}.Release|x64.ActiveCfg = Release|x64
		{B7BF0BC1-8669-40A4-99FF-E872CC5C5958}.Release|x64.Build.0 = Release|x64
		{88CD7327-D232-4085-8C67-F5AAEB2206E4}.Debug|Any CPU.ActiveCfg = Debug|Any CPU
		{88CD7327-D232-4085-8C67-F5AAEB2206E4}.Debug|Any CPU.Build.0 = Debug|Any CPU
		{88CD7327-D232-4085-8C67-F5AAEB2206E4}.Debug|x64.ActiveCfg = Debug|Any CPU
		{88CD7327-D232-4085-8C67-F5AAEB2206E4}.Debug|x64.Build.0 = Debug|Any CPU
		{88CD7327-D232-4085-8C67-F5AAEB2206E4}.Release|Any CPU.ActiveCfg = Release|Any CPU
		{88CD7327-D232-4085-8C67-F5AAEB2206E4}.Release|Any CPU.Build.0 = Release|Any CPU
		{88CD7327-D232-4085-8C67-F5AAEB2206E4}.Release|x64.ActiveCfg = Release|Any CPU
		{88CD7327-D232-4085-8C67-F5AAEB2206E4}.Release|x64.Build.0 = Release|Any CPU
		{DE4BDE0B-B745-40BB-A4CC-394008988366}.Debug|Any CPU.ActiveCfg = Debug|Any CPU
		{DE4BDE0B-B745-40BB-A4CC-394008988366}.Debug|Any CPU.Build.0 = Debug|Any CPU
		{DE4BDE0B-B745-40BB-A4CC-394008988366}.Debug|x64.ActiveCfg = Debug|Any CPU
		{DE4BDE0B-B745-40BB-A4CC-394008988366}.Debug|x64.Build.0 = Debug|Any CPU
		{DE4BDE0B-B745-40BB-A4CC-394008988366}.Release|Any CPU.ActiveCfg = Release|Any CPU
		{DE4BDE0B-B745-40BB-A4CC-394008988366}.Release|Any CPU.Build.0 = Release|Any CPU
		{DE4BDE0B-B745-40BB-A4CC-394008988366}.Release|x64.ActiveCfg = Release|Any CPU
		{DE4BDE0B-B745-40BB-A4CC-394008988366}.Release|x64.Build.0 = Release|Any CPU
		{3E09119D-5BA2-494A-9CC8-F0348EBDD356}.Debug|Any CPU.ActiveCfg = Debug|Any CPU
		{3E09119D-5BA2-494A-9CC8-F0348EBDD356}.Debug|Any CPU.Build.0 = Debug|Any CPU
		{3E09119D-5BA2-494A-9CC8-F0348EBDD356}.Debug|x64.ActiveCfg = Debug|Any CPU
		{3E09119D-5BA2-494A-9CC8-F0348EBDD356}.Debug|x64.Build.0 = Debug|Any CPU
		{3E09119D-5BA2-494A-9CC8-F0348EBDD356}.Release|Any CPU.ActiveCfg = Release|Any CPU
		{3E09119D-5BA2-494A-9CC8-F0348EBDD356}.Release|Any CPU.Build.0 = Release|Any CPU
		{3E09119D-5BA2-494A-9CC8-F0348EBDD356}.Release|x64.ActiveCfg = Release|Any CPU
		{3E09119D-5BA2-494A-9CC8-F0348EBDD356}.Release|x64.Build.0 = Release|Any CPU
		{4F5EB059-A556-4FA8-9DEF-C1A88AD23237}.Debug|Any CPU.ActiveCfg = Debug|Any CPU
		{4F5EB059-A556-4FA8-9DEF-C1A88AD23237}.Debug|Any CPU.Build.0 = Debug|Any CPU
		{4F5EB059-A556-4FA8-9DEF-C1A88AD23237}.Debug|x64.ActiveCfg = Debug|Any CPU
		{4F5EB059-A556-4FA8-9DEF-C1A88AD23237}.Debug|x64.Build.0 = Debug|Any CPU
		{4F5EB059-A556-4FA8-9DEF-C1A88AD23237}.Release|Any CPU.ActiveCfg = Release|Any CPU
		{4F5EB059-A556-4FA8-9DEF-C1A88AD23237}.Release|Any CPU.Build.0 = Release|Any CPU
		{4F5EB059-A556-4FA8-9DEF-C1A88AD23237}.Release|x64.ActiveCfg = Release|Any CPU
		{4F5EB059-A556-4FA8-9DEF-C1A88AD23237}.Release|x64.Build.0 = Release|Any CPU
		{F306555D-8158-4A17-8C6F-0A7CF30EBB5B}.Debug|Any CPU.ActiveCfg = Debug|Any CPU
		{F306555D-8158-4A17-8C6F-0A7CF30EBB5B}.Debug|Any CPU.Build.0 = Debug|Any CPU
		{F306555D-8158-4A17-8C6F-0A7CF30EBB5B}.Debug|x64.ActiveCfg = Debug|Any CPU
		{F306555D-8158-4A17-8C6F-0A7CF30EBB5B}.Debug|x64.Build.0 = Debug|Any CPU
		{F306555D-8158-4A17-8C6F-0A7CF30EBB5B}.Release|Any CPU.ActiveCfg = Release|Any CPU
		{F306555D-8158-4A17-8C6F-0A7CF30EBB5B}.Release|Any CPU.Build.0 = Release|Any CPU
		{F306555D-8158-4A17-8C6F-0A7CF30EBB5B}.Release|x64.ActiveCfg = Release|Any CPU
		{F306555D-8158-4A17-8C6F-0A7CF30EBB5B}.Release|x64.Build.0 = Release|Any CPU
		{FFC6A8E5-0B9C-45D3-9EC6-493C01DF70D9}.Debug|Any CPU.ActiveCfg = Debug|Any CPU
		{FFC6A8E5-0B9C-45D3-9EC6-493C01DF70D9}.Debug|Any CPU.Build.0 = Debug|Any CPU
		{FFC6A8E5-0B9C-45D3-9EC6-493C01DF70D9}.Debug|x64.ActiveCfg = Debug|Any CPU
		{FFC6A8E5-0B9C-45D3-9EC6-493C01DF70D9}.Debug|x64.Build.0 = Debug|Any CPU
		{FFC6A8E5-0B9C-45D3-9EC6-493C01DF70D9}.Release|Any CPU.ActiveCfg = Release|Any CPU
		{FFC6A8E5-0B9C-45D3-9EC6-493C01DF70D9}.Release|Any CPU.Build.0 = Release|Any CPU
		{FFC6A8E5-0B9C-45D3-9EC6-493C01DF70D9}.Release|x64.ActiveCfg = Release|Any CPU
		{FFC6A8E5-0B9C-45D3-9EC6-493C01DF70D9}.Release|x64.Build.0 = Release|Any CPU
		{77CDF6DE-9E9A-40C6-8D5C-E96D2E357E43}.Debug|Any CPU.ActiveCfg = Debug|Any CPU
		{77CDF6DE-9E9A-40C6-8D5C-E96D2E357E43}.Debug|Any CPU.Build.0 = Debug|Any CPU
		{77CDF6DE-9E9A-40C6-8D5C-E96D2E357E43}.Debug|x64.ActiveCfg = Debug|Any CPU
		{77CDF6DE-9E9A-40C6-8D5C-E96D2E357E43}.Debug|x64.Build.0 = Debug|Any CPU
		{77CDF6DE-9E9A-40C6-8D5C-E96D2E357E43}.Release|Any CPU.ActiveCfg = Release|Any CPU
		{77CDF6DE-9E9A-40C6-8D5C-E96D2E357E43}.Release|Any CPU.Build.0 = Release|Any CPU
		{77CDF6DE-9E9A-40C6-8D5C-E96D2E357E43}.Release|x64.ActiveCfg = Release|Any CPU
		{77CDF6DE-9E9A-40C6-8D5C-E96D2E357E43}.Release|x64.Build.0 = Release|Any CPU
		{B37F5288-5E1F-46DF-B6D8-0C03112BE851}.Debug|Any CPU.ActiveCfg = Debug|Any CPU
		{B37F5288-5E1F-46DF-B6D8-0C03112BE851}.Debug|Any CPU.Build.0 = Debug|Any CPU
		{B37F5288-5E1F-46DF-B6D8-0C03112BE851}.Debug|x64.ActiveCfg = Debug|Any CPU
		{B37F5288-5E1F-46DF-B6D8-0C03112BE851}.Debug|x64.Build.0 = Debug|Any CPU
		{B37F5288-5E1F-46DF-B6D8-0C03112BE851}.Release|Any CPU.ActiveCfg = Release|Any CPU
		{B37F5288-5E1F-46DF-B6D8-0C03112BE851}.Release|Any CPU.Build.0 = Release|Any CPU
		{B37F5288-5E1F-46DF-B6D8-0C03112BE851}.Release|x64.ActiveCfg = Release|Any CPU
		{B37F5288-5E1F-46DF-B6D8-0C03112BE851}.Release|x64.Build.0 = Release|Any CPU
		{21BA488E-B8E9-400C-9E98-13FDA7407F46}.Debug|Any CPU.ActiveCfg = Debug|Any CPU
		{21BA488E-B8E9-400C-9E98-13FDA7407F46}.Debug|Any CPU.Build.0 = Debug|Any CPU
		{21BA488E-B8E9-400C-9E98-13FDA7407F46}.Debug|x64.ActiveCfg = Debug|Any CPU
		{21BA488E-B8E9-400C-9E98-13FDA7407F46}.Debug|x64.Build.0 = Debug|Any CPU
		{21BA488E-B8E9-400C-9E98-13FDA7407F46}.Release|Any CPU.ActiveCfg = Release|Any CPU
		{21BA488E-B8E9-400C-9E98-13FDA7407F46}.Release|Any CPU.Build.0 = Release|Any CPU
		{21BA488E-B8E9-400C-9E98-13FDA7407F46}.Release|x64.ActiveCfg = Release|Any CPU
		{21BA488E-B8E9-400C-9E98-13FDA7407F46}.Release|x64.Build.0 = Release|Any CPU
		{B2750202-3D7B-44C2-9DE7-D212C7655D3C}.Debug|Any CPU.ActiveCfg = Debug|Any CPU
		{B2750202-3D7B-44C2-9DE7-D212C7655D3C}.Debug|Any CPU.Build.0 = Debug|Any CPU
		{B2750202-3D7B-44C2-9DE7-D212C7655D3C}.Debug|x64.ActiveCfg = Debug|Any CPU
		{B2750202-3D7B-44C2-9DE7-D212C7655D3C}.Debug|x64.Build.0 = Debug|Any CPU
		{B2750202-3D7B-44C2-9DE7-D212C7655D3C}.Release|Any CPU.ActiveCfg = Release|Any CPU
		{B2750202-3D7B-44C2-9DE7-D212C7655D3C}.Release|Any CPU.Build.0 = Release|Any CPU
		{B2750202-3D7B-44C2-9DE7-D212C7655D3C}.Release|x64.ActiveCfg = Release|Any CPU
		{B2750202-3D7B-44C2-9DE7-D212C7655D3C}.Release|x64.Build.0 = Release|Any CPU
		{A25D8981-E6AA-4B6A-9CF0-C68271275222}.Debug|Any CPU.ActiveCfg = Debug|Any CPU
		{A25D8981-E6AA-4B6A-9CF0-C68271275222}.Debug|Any CPU.Build.0 = Debug|Any CPU
		{A25D8981-E6AA-4B6A-9CF0-C68271275222}.Debug|x64.ActiveCfg = Debug|Any CPU
		{A25D8981-E6AA-4B6A-9CF0-C68271275222}.Debug|x64.Build.0 = Debug|Any CPU
		{A25D8981-E6AA-4B6A-9CF0-C68271275222}.Release|Any CPU.ActiveCfg = Release|Any CPU
		{A25D8981-E6AA-4B6A-9CF0-C68271275222}.Release|Any CPU.Build.0 = Release|Any CPU
		{A25D8981-E6AA-4B6A-9CF0-C68271275222}.Release|x64.ActiveCfg = Release|Any CPU
		{A25D8981-E6AA-4B6A-9CF0-C68271275222}.Release|x64.Build.0 = Release|Any CPU
		{2DBB503A-E38F-48E5-874C-B424162AA11A}.Debug|Any CPU.ActiveCfg = Debug|Any CPU
		{2DBB503A-E38F-48E5-874C-B424162AA11A}.Debug|Any CPU.Build.0 = Debug|Any CPU
		{2DBB503A-E38F-48E5-874C-B424162AA11A}.Debug|x64.ActiveCfg = Debug|Any CPU
		{2DBB503A-E38F-48E5-874C-B424162AA11A}.Debug|x64.Build.0 = Debug|Any CPU
		{2DBB503A-E38F-48E5-874C-B424162AA11A}.Release|Any CPU.ActiveCfg = Release|Any CPU
		{2DBB503A-E38F-48E5-874C-B424162AA11A}.Release|Any CPU.Build.0 = Release|Any CPU
		{2DBB503A-E38F-48E5-874C-B424162AA11A}.Release|x64.ActiveCfg = Release|Any CPU
		{2DBB503A-E38F-48E5-874C-B424162AA11A}.Release|x64.Build.0 = Release|Any CPU
		{D5DAC37B-2EEC-46C8-93E2-6611161EE5E4}.Debug|Any CPU.ActiveCfg = Debug|Any CPU
		{D5DAC37B-2EEC-46C8-93E2-6611161EE5E4}.Debug|Any CPU.Build.0 = Debug|Any CPU
		{D5DAC37B-2EEC-46C8-93E2-6611161EE5E4}.Debug|x64.ActiveCfg = Debug|Any CPU
		{D5DAC37B-2EEC-46C8-93E2-6611161EE5E4}.Debug|x64.Build.0 = Debug|Any CPU
		{D5DAC37B-2EEC-46C8-93E2-6611161EE5E4}.Release|Any CPU.ActiveCfg = Release|Any CPU
		{D5DAC37B-2EEC-46C8-93E2-6611161EE5E4}.Release|Any CPU.Build.0 = Release|Any CPU
		{D5DAC37B-2EEC-46C8-93E2-6611161EE5E4}.Release|x64.ActiveCfg = Release|Any CPU
		{D5DAC37B-2EEC-46C8-93E2-6611161EE5E4}.Release|x64.Build.0 = Release|Any CPU
		{1EBF178C-F6A7-4740-B595-7CD07EB01D83}.Debug|Any CPU.ActiveCfg = Debug|Any CPU
		{1EBF178C-F6A7-4740-B595-7CD07EB01D83}.Debug|Any CPU.Build.0 = Debug|Any CPU
		{1EBF178C-F6A7-4740-B595-7CD07EB01D83}.Debug|x64.ActiveCfg = Debug|Any CPU
		{1EBF178C-F6A7-4740-B595-7CD07EB01D83}.Debug|x64.Build.0 = Debug|Any CPU
		{1EBF178C-F6A7-4740-B595-7CD07EB01D83}.Release|Any CPU.ActiveCfg = Release|Any CPU
		{1EBF178C-F6A7-4740-B595-7CD07EB01D83}.Release|Any CPU.Build.0 = Release|Any CPU
		{1EBF178C-F6A7-4740-B595-7CD07EB01D83}.Release|x64.ActiveCfg = Release|Any CPU
		{1EBF178C-F6A7-4740-B595-7CD07EB01D83}.Release|x64.Build.0 = Release|Any CPU
		{35261459-1435-4EE3-893F-B9E351175C0B}.Debug|Any CPU.ActiveCfg = Debug|Any CPU
		{35261459-1435-4EE3-893F-B9E351175C0B}.Debug|Any CPU.Build.0 = Debug|Any CPU
		{35261459-1435-4EE3-893F-B9E351175C0B}.Debug|x64.ActiveCfg = Debug|Any CPU
		{35261459-1435-4EE3-893F-B9E351175C0B}.Debug|x64.Build.0 = Debug|Any CPU
		{35261459-1435-4EE3-893F-B9E351175C0B}.Release|Any CPU.ActiveCfg = Release|Any CPU
		{35261459-1435-4EE3-893F-B9E351175C0B}.Release|Any CPU.Build.0 = Release|Any CPU
		{35261459-1435-4EE3-893F-B9E351175C0B}.Release|x64.ActiveCfg = Release|Any CPU
		{35261459-1435-4EE3-893F-B9E351175C0B}.Release|x64.Build.0 = Release|Any CPU
		{ED581BD6-0440-477B-ACE8-FC0371FF9D5E}.Debug|Any CPU.ActiveCfg = Debug|Any CPU
		{ED581BD6-0440-477B-ACE8-FC0371FF9D5E}.Debug|Any CPU.Build.0 = Debug|Any CPU
		{ED581BD6-0440-477B-ACE8-FC0371FF9D5E}.Debug|x64.ActiveCfg = Debug|Any CPU
		{ED581BD6-0440-477B-ACE8-FC0371FF9D5E}.Debug|x64.Build.0 = Debug|Any CPU
		{ED581BD6-0440-477B-ACE8-FC0371FF9D5E}.Release|Any CPU.ActiveCfg = Release|Any CPU
		{ED581BD6-0440-477B-ACE8-FC0371FF9D5E}.Release|Any CPU.Build.0 = Release|Any CPU
		{ED581BD6-0440-477B-ACE8-FC0371FF9D5E}.Release|x64.ActiveCfg = Release|Any CPU
		{ED581BD6-0440-477B-ACE8-FC0371FF9D5E}.Release|x64.Build.0 = Release|Any CPU
		{2A045EA6-5E74-4BF1-9934-E2B2B385AA92}.Debug|Any CPU.ActiveCfg = Debug|Any CPU
		{2A045EA6-5E74-4BF1-9934-E2B2B385AA92}.Debug|Any CPU.Build.0 = Debug|Any CPU
		{2A045EA6-5E74-4BF1-9934-E2B2B385AA92}.Debug|x64.ActiveCfg = Debug|Any CPU
		{2A045EA6-5E74-4BF1-9934-E2B2B385AA92}.Debug|x64.Build.0 = Debug|Any CPU
		{2A045EA6-5E74-4BF1-9934-E2B2B385AA92}.Release|Any CPU.ActiveCfg = Release|Any CPU
		{2A045EA6-5E74-4BF1-9934-E2B2B385AA92}.Release|Any CPU.Build.0 = Release|Any CPU
		{2A045EA6-5E74-4BF1-9934-E2B2B385AA92}.Release|x64.ActiveCfg = Release|Any CPU
		{2A045EA6-5E74-4BF1-9934-E2B2B385AA92}.Release|x64.Build.0 = Release|Any CPU
		{A3BE34BD-09B0-42B3-8A14-5E1663D942B9}.Debug|Any CPU.ActiveCfg = Debug|Any CPU
		{A3BE34BD-09B0-42B3-8A14-5E1663D942B9}.Debug|Any CPU.Build.0 = Debug|Any CPU
		{A3BE34BD-09B0-42B3-8A14-5E1663D942B9}.Debug|x64.ActiveCfg = Debug|Any CPU
		{A3BE34BD-09B0-42B3-8A14-5E1663D942B9}.Debug|x64.Build.0 = Debug|Any CPU
		{A3BE34BD-09B0-42B3-8A14-5E1663D942B9}.Release|Any CPU.ActiveCfg = Release|Any CPU
		{A3BE34BD-09B0-42B3-8A14-5E1663D942B9}.Release|Any CPU.Build.0 = Release|Any CPU
		{A3BE34BD-09B0-42B3-8A14-5E1663D942B9}.Release|x64.ActiveCfg = Release|Any CPU
		{A3BE34BD-09B0-42B3-8A14-5E1663D942B9}.Release|x64.Build.0 = Release|Any CPU
		{6D584F6D-8A54-472B-BDAA-D39B6362FCF3}.Debug|Any CPU.ActiveCfg = Debug|Any CPU
		{6D584F6D-8A54-472B-BDAA-D39B6362FCF3}.Debug|Any CPU.Build.0 = Debug|Any CPU
		{6D584F6D-8A54-472B-BDAA-D39B6362FCF3}.Debug|x64.ActiveCfg = Debug|Any CPU
		{6D584F6D-8A54-472B-BDAA-D39B6362FCF3}.Debug|x64.Build.0 = Debug|Any CPU
		{6D584F6D-8A54-472B-BDAA-D39B6362FCF3}.Release|Any CPU.ActiveCfg = Release|Any CPU
		{6D584F6D-8A54-472B-BDAA-D39B6362FCF3}.Release|Any CPU.Build.0 = Release|Any CPU
		{6D584F6D-8A54-472B-BDAA-D39B6362FCF3}.Release|x64.ActiveCfg = Release|Any CPU
		{6D584F6D-8A54-472B-BDAA-D39B6362FCF3}.Release|x64.Build.0 = Release|Any CPU
		{B07E7543-406F-41F7-98AB-2F59BEDB68FF}.Debug|Any CPU.ActiveCfg = Debug|Any CPU
		{B07E7543-406F-41F7-98AB-2F59BEDB68FF}.Debug|Any CPU.Build.0 = Debug|Any CPU
		{B07E7543-406F-41F7-98AB-2F59BEDB68FF}.Debug|x64.ActiveCfg = Debug|Any CPU
		{B07E7543-406F-41F7-98AB-2F59BEDB68FF}.Debug|x64.Build.0 = Debug|Any CPU
		{B07E7543-406F-41F7-98AB-2F59BEDB68FF}.Release|Any CPU.ActiveCfg = Release|Any CPU
		{B07E7543-406F-41F7-98AB-2F59BEDB68FF}.Release|Any CPU.Build.0 = Release|Any CPU
		{B07E7543-406F-41F7-98AB-2F59BEDB68FF}.Release|x64.ActiveCfg = Release|Any CPU
		{B07E7543-406F-41F7-98AB-2F59BEDB68FF}.Release|x64.Build.0 = Release|Any CPU
		{0A7F1DA5-95F3-4E27-B6C4-4833BC30B49D}.Debug|Any CPU.ActiveCfg = Debug|Any CPU
		{0A7F1DA5-95F3-4E27-B6C4-4833BC30B49D}.Debug|Any CPU.Build.0 = Debug|Any CPU
		{0A7F1DA5-95F3-4E27-B6C4-4833BC30B49D}.Debug|x64.ActiveCfg = Debug|Any CPU
		{0A7F1DA5-95F3-4E27-B6C4-4833BC30B49D}.Debug|x64.Build.0 = Debug|Any CPU
		{0A7F1DA5-95F3-4E27-B6C4-4833BC30B49D}.Release|Any CPU.ActiveCfg = Release|Any CPU
		{0A7F1DA5-95F3-4E27-B6C4-4833BC30B49D}.Release|Any CPU.Build.0 = Release|Any CPU
		{0A7F1DA5-95F3-4E27-B6C4-4833BC30B49D}.Release|x64.ActiveCfg = Release|Any CPU
		{0A7F1DA5-95F3-4E27-B6C4-4833BC30B49D}.Release|x64.Build.0 = Release|Any CPU
		{BFA12BAF-AEBD-472D-9D65-F39D6B1BEBF0}.Debug|Any CPU.ActiveCfg = Debug|Any CPU
		{BFA12BAF-AEBD-472D-9D65-F39D6B1BEBF0}.Debug|Any CPU.Build.0 = Debug|Any CPU
		{BFA12BAF-AEBD-472D-9D65-F39D6B1BEBF0}.Debug|x64.ActiveCfg = Debug|Any CPU
		{BFA12BAF-AEBD-472D-9D65-F39D6B1BEBF0}.Debug|x64.Build.0 = Debug|Any CPU
		{BFA12BAF-AEBD-472D-9D65-F39D6B1BEBF0}.Release|Any CPU.ActiveCfg = Release|Any CPU
		{BFA12BAF-AEBD-472D-9D65-F39D6B1BEBF0}.Release|Any CPU.Build.0 = Release|Any CPU
		{BFA12BAF-AEBD-472D-9D65-F39D6B1BEBF0}.Release|x64.ActiveCfg = Release|Any CPU
		{BFA12BAF-AEBD-472D-9D65-F39D6B1BEBF0}.Release|x64.Build.0 = Release|Any CPU
		{2DAA6360-82E0-40F6-9AEA-5F36010C2C40}.Debug|Any CPU.ActiveCfg = Debug|Any CPU
		{2DAA6360-82E0-40F6-9AEA-5F36010C2C40}.Debug|Any CPU.Build.0 = Debug|Any CPU
		{2DAA6360-82E0-40F6-9AEA-5F36010C2C40}.Debug|x64.ActiveCfg = Debug|Any CPU
		{2DAA6360-82E0-40F6-9AEA-5F36010C2C40}.Debug|x64.Build.0 = Debug|Any CPU
		{2DAA6360-82E0-40F6-9AEA-5F36010C2C40}.Release|Any CPU.ActiveCfg = Release|Any CPU
		{2DAA6360-82E0-40F6-9AEA-5F36010C2C40}.Release|Any CPU.Build.0 = Release|Any CPU
		{2DAA6360-82E0-40F6-9AEA-5F36010C2C40}.Release|x64.ActiveCfg = Release|Any CPU
		{2DAA6360-82E0-40F6-9AEA-5F36010C2C40}.Release|x64.Build.0 = Release|Any CPU
		{E84A59D5-6929-4137-AE0B-18072CA05EA8}.Debug|Any CPU.ActiveCfg = Debug|Any CPU
		{E84A59D5-6929-4137-AE0B-18072CA05EA8}.Debug|Any CPU.Build.0 = Debug|Any CPU
		{E84A59D5-6929-4137-AE0B-18072CA05EA8}.Debug|x64.ActiveCfg = Debug|Any CPU
		{E84A59D5-6929-4137-AE0B-18072CA05EA8}.Debug|x64.Build.0 = Debug|Any CPU
		{E84A59D5-6929-4137-AE0B-18072CA05EA8}.Release|Any CPU.ActiveCfg = Release|Any CPU
		{E84A59D5-6929-4137-AE0B-18072CA05EA8}.Release|Any CPU.Build.0 = Release|Any CPU
		{E84A59D5-6929-4137-AE0B-18072CA05EA8}.Release|x64.ActiveCfg = Release|Any CPU
		{E84A59D5-6929-4137-AE0B-18072CA05EA8}.Release|x64.Build.0 = Release|Any CPU
		{F0532F18-9CD3-4E37-9285-E6DE5170023D}.Debug|Any CPU.ActiveCfg = Debug|Any CPU
		{F0532F18-9CD3-4E37-9285-E6DE5170023D}.Debug|Any CPU.Build.0 = Debug|Any CPU
		{F0532F18-9CD3-4E37-9285-E6DE5170023D}.Debug|x64.ActiveCfg = Debug|Any CPU
		{F0532F18-9CD3-4E37-9285-E6DE5170023D}.Debug|x64.Build.0 = Debug|Any CPU
		{F0532F18-9CD3-4E37-9285-E6DE5170023D}.Release|Any CPU.ActiveCfg = Release|Any CPU
		{F0532F18-9CD3-4E37-9285-E6DE5170023D}.Release|Any CPU.Build.0 = Release|Any CPU
		{F0532F18-9CD3-4E37-9285-E6DE5170023D}.Release|x64.ActiveCfg = Release|Any CPU
		{F0532F18-9CD3-4E37-9285-E6DE5170023D}.Release|x64.Build.0 = Release|Any CPU
		{754B9CBE-5B2F-4589-9AFA-8C10F51EFE10}.Debug|Any CPU.ActiveCfg = Debug|Any CPU
		{754B9CBE-5B2F-4589-9AFA-8C10F51EFE10}.Debug|Any CPU.Build.0 = Debug|Any CPU
		{754B9CBE-5B2F-4589-9AFA-8C10F51EFE10}.Debug|x64.ActiveCfg = Debug|Any CPU
		{754B9CBE-5B2F-4589-9AFA-8C10F51EFE10}.Debug|x64.Build.0 = Debug|Any CPU
		{754B9CBE-5B2F-4589-9AFA-8C10F51EFE10}.Release|Any CPU.ActiveCfg = Release|Any CPU
		{754B9CBE-5B2F-4589-9AFA-8C10F51EFE10}.Release|Any CPU.Build.0 = Release|Any CPU
		{754B9CBE-5B2F-4589-9AFA-8C10F51EFE10}.Release|x64.ActiveCfg = Release|Any CPU
		{754B9CBE-5B2F-4589-9AFA-8C10F51EFE10}.Release|x64.Build.0 = Release|Any CPU
		{DAD3F974-2550-47B0-BE88-363573974BFD}.Debug|Any CPU.ActiveCfg = Debug|Any CPU
		{DAD3F974-2550-47B0-BE88-363573974BFD}.Debug|Any CPU.Build.0 = Debug|Any CPU
		{DAD3F974-2550-47B0-BE88-363573974BFD}.Debug|x64.ActiveCfg = Debug|Any CPU
		{DAD3F974-2550-47B0-BE88-363573974BFD}.Debug|x64.Build.0 = Debug|Any CPU
		{DAD3F974-2550-47B0-BE88-363573974BFD}.Release|Any CPU.ActiveCfg = Release|Any CPU
		{DAD3F974-2550-47B0-BE88-363573974BFD}.Release|Any CPU.Build.0 = Release|Any CPU
		{DAD3F974-2550-47B0-BE88-363573974BFD}.Release|x64.ActiveCfg = Release|Any CPU
		{DAD3F974-2550-47B0-BE88-363573974BFD}.Release|x64.Build.0 = Release|Any CPU
		{C04D8C35-2D4B-4BA1-A199-C24544FF4C6D}.Debug|Any CPU.ActiveCfg = Debug|Any CPU
		{C04D8C35-2D4B-4BA1-A199-C24544FF4C6D}.Debug|Any CPU.Build.0 = Debug|Any CPU
		{C04D8C35-2D4B-4BA1-A199-C24544FF4C6D}.Debug|x64.ActiveCfg = Debug|Any CPU
		{C04D8C35-2D4B-4BA1-A199-C24544FF4C6D}.Debug|x64.Build.0 = Debug|Any CPU
		{C04D8C35-2D4B-4BA1-A199-C24544FF4C6D}.Release|Any CPU.ActiveCfg = Release|Any CPU
		{C04D8C35-2D4B-4BA1-A199-C24544FF4C6D}.Release|Any CPU.Build.0 = Release|Any CPU
		{C04D8C35-2D4B-4BA1-A199-C24544FF4C6D}.Release|x64.ActiveCfg = Release|Any CPU
		{C04D8C35-2D4B-4BA1-A199-C24544FF4C6D}.Release|x64.Build.0 = Release|Any CPU
		{D7433DE6-1DF2-4F1C-BF36-44EA2C70AE1D}.Debug|Any CPU.ActiveCfg = Debug|Any CPU
		{D7433DE6-1DF2-4F1C-BF36-44EA2C70AE1D}.Debug|Any CPU.Build.0 = Debug|Any CPU
		{D7433DE6-1DF2-4F1C-BF36-44EA2C70AE1D}.Debug|x64.ActiveCfg = Debug|Any CPU
		{D7433DE6-1DF2-4F1C-BF36-44EA2C70AE1D}.Debug|x64.Build.0 = Debug|Any CPU
		{D7433DE6-1DF2-4F1C-BF36-44EA2C70AE1D}.Release|Any CPU.ActiveCfg = Release|Any CPU
		{D7433DE6-1DF2-4F1C-BF36-44EA2C70AE1D}.Release|Any CPU.Build.0 = Release|Any CPU
		{D7433DE6-1DF2-4F1C-BF36-44EA2C70AE1D}.Release|x64.ActiveCfg = Release|Any CPU
		{D7433DE6-1DF2-4F1C-BF36-44EA2C70AE1D}.Release|x64.Build.0 = Release|Any CPU
		{BD428885-ADF5-4712-AA0C-CCE932065AB5}.Debug|Any CPU.ActiveCfg = Debug|Any CPU
		{BD428885-ADF5-4712-AA0C-CCE932065AB5}.Debug|Any CPU.Build.0 = Debug|Any CPU
		{BD428885-ADF5-4712-AA0C-CCE932065AB5}.Debug|x64.ActiveCfg = Debug|Any CPU
		{BD428885-ADF5-4712-AA0C-CCE932065AB5}.Debug|x64.Build.0 = Debug|Any CPU
		{BD428885-ADF5-4712-AA0C-CCE932065AB5}.Release|Any CPU.ActiveCfg = Release|Any CPU
		{BD428885-ADF5-4712-AA0C-CCE932065AB5}.Release|Any CPU.Build.0 = Release|Any CPU
		{BD428885-ADF5-4712-AA0C-CCE932065AB5}.Release|x64.ActiveCfg = Release|Any CPU
		{BD428885-ADF5-4712-AA0C-CCE932065AB5}.Release|x64.Build.0 = Release|Any CPU
		{95620C3A-B2BD-4F94-9251-F956A9DF7B0A}.Debug|Any CPU.ActiveCfg = Debug|Any CPU
		{95620C3A-B2BD-4F94-9251-F956A9DF7B0A}.Debug|Any CPU.Build.0 = Debug|Any CPU
		{95620C3A-B2BD-4F94-9251-F956A9DF7B0A}.Debug|x64.ActiveCfg = Debug|Any CPU
		{95620C3A-B2BD-4F94-9251-F956A9DF7B0A}.Debug|x64.Build.0 = Debug|Any CPU
		{95620C3A-B2BD-4F94-9251-F956A9DF7B0A}.Release|Any CPU.ActiveCfg = Release|Any CPU
		{95620C3A-B2BD-4F94-9251-F956A9DF7B0A}.Release|Any CPU.Build.0 = Release|Any CPU
		{95620C3A-B2BD-4F94-9251-F956A9DF7B0A}.Release|x64.ActiveCfg = Release|Any CPU
		{95620C3A-B2BD-4F94-9251-F956A9DF7B0A}.Release|x64.Build.0 = Release|Any CPU
		{22C0AA41-9C43-4056-B38C-F965F4C8ADC7}.Debug|Any CPU.ActiveCfg = Debug|Any CPU
		{22C0AA41-9C43-4056-B38C-F965F4C8ADC7}.Debug|Any CPU.Build.0 = Debug|Any CPU
		{22C0AA41-9C43-4056-B38C-F965F4C8ADC7}.Debug|x64.ActiveCfg = Debug|Any CPU
		{22C0AA41-9C43-4056-B38C-F965F4C8ADC7}.Debug|x64.Build.0 = Debug|Any CPU
		{22C0AA41-9C43-4056-B38C-F965F4C8ADC7}.Release|Any CPU.ActiveCfg = Release|Any CPU
		{22C0AA41-9C43-4056-B38C-F965F4C8ADC7}.Release|Any CPU.Build.0 = Release|Any CPU
		{22C0AA41-9C43-4056-B38C-F965F4C8ADC7}.Release|x64.ActiveCfg = Release|Any CPU
		{22C0AA41-9C43-4056-B38C-F965F4C8ADC7}.Release|x64.Build.0 = Release|Any CPU
		{732A0186-FD0B-4EDC-A529-63E3766FE629}.Debug|Any CPU.ActiveCfg = Debug|Any CPU
		{732A0186-FD0B-4EDC-A529-63E3766FE629}.Debug|Any CPU.Build.0 = Debug|Any CPU
		{732A0186-FD0B-4EDC-A529-63E3766FE629}.Debug|x64.ActiveCfg = Debug|Any CPU
		{732A0186-FD0B-4EDC-A529-63E3766FE629}.Debug|x64.Build.0 = Debug|Any CPU
		{732A0186-FD0B-4EDC-A529-63E3766FE629}.Release|Any CPU.ActiveCfg = Release|Any CPU
		{732A0186-FD0B-4EDC-A529-63E3766FE629}.Release|Any CPU.Build.0 = Release|Any CPU
		{732A0186-FD0B-4EDC-A529-63E3766FE629}.Release|x64.ActiveCfg = Release|Any CPU
		{732A0186-FD0B-4EDC-A529-63E3766FE629}.Release|x64.Build.0 = Release|Any CPU
		{47FBF675-54B9-4013-9FFC-D1A88C4E2FE3}.Debug|Any CPU.ActiveCfg = Debug|Any CPU
		{47FBF675-54B9-4013-9FFC-D1A88C4E2FE3}.Debug|Any CPU.Build.0 = Debug|Any CPU
		{47FBF675-54B9-4013-9FFC-D1A88C4E2FE3}.Debug|x64.ActiveCfg = Debug|Any CPU
		{47FBF675-54B9-4013-9FFC-D1A88C4E2FE3}.Debug|x64.Build.0 = Debug|Any CPU
		{47FBF675-54B9-4013-9FFC-D1A88C4E2FE3}.Release|Any CPU.ActiveCfg = Release|Any CPU
		{47FBF675-54B9-4013-9FFC-D1A88C4E2FE3}.Release|Any CPU.Build.0 = Release|Any CPU
		{47FBF675-54B9-4013-9FFC-D1A88C4E2FE3}.Release|x64.ActiveCfg = Release|Any CPU
		{47FBF675-54B9-4013-9FFC-D1A88C4E2FE3}.Release|x64.Build.0 = Release|Any CPU
	EndGlobalSection
	GlobalSection(SolutionProperties) = preSolution
		HideSolutionNode = FALSE
	EndGlobalSection
	GlobalSection(ExtensibilityGlobals) = postSolution
		SolutionGuid = {61E32088-8D81-4CAE-9924-B6DE208E06C3}
	EndGlobalSection
EndGlobal
