
Microsoft Visual Studio Solution File, Format Version 12.00
# Visual Studio Version 17
VisualStudioVersion = 17.8.34309.116
MinimumVisualStudioVersion = 10.0.40219.1
Project("{9A19103F-16F7-4668-BE54-9A1E7A4F7556}") = "denWebServicesNET80", "denWebServicesNET80.csproj", "{7A702F55-D51C-4D8B-B1CE-A919569D30F9}"
EndProject
Project("{9A19103F-16F7-4668-BE54-9A1E7A4F7556}") = "denSharedLibrary", "..\..\denSharedLibrary\denSharedLibrary.csproj", "{27DEE385-3079-4482-9536-C57614222791}"
EndProject
Project("{9A19103F-16F7-4668-BE54-9A1E7A4F7556}") = "DataServicesNET80", "..\..\DataServicesNET80\DataServicesNET80.csproj", "{F79BB978-037D-4D0E-93FE-42FB33C4C6CB}"
EndProject
Global
	GlobalSection(SolutionConfigurationPlatforms) = preSolution
		Debug|Any CPU = Debug|Any CPU
		Release|Any CPU = Release|Any CPU
	EndGlobalSection
	GlobalSection(ProjectConfigurationPlatforms) = postSolution
		{7A702F55-D51C-4D8B-B1CE-A919569D30F9}.Debug|Any CPU.ActiveCfg = Debug|Any CPU
		{7A702F55-D51C-4D8B-B1CE-A919569D30F9}.Debug|Any CPU.Build.0 = Debug|Any CPU
		{7A702F55-D51C-4D8B-B1CE-A919569D30F9}.Release|Any CPU.ActiveCfg = Release|Any CPU
		{7A702F55-D51C-4D8B-B1CE-A919569D30F9}.Release|Any CPU.Build.0 = Release|Any CPU
		{27DEE385-3079-4482-9536-C57614222791}.Debug|Any CPU.ActiveCfg = Debug|Any CPU
		{27DEE385-3079-4482-9536-C57614222791}.Debug|Any CPU.Build.0 = Debug|Any CPU
		{27DEE385-3079-4482-9536-C57614222791}.Release|Any CPU.ActiveCfg = Release|Any CPU
		{27DEE385-3079-4482-9536-C57614222791}.Release|Any CPU.Build.0 = Release|Any CPU
		{F79BB978-037D-4D0E-93FE-42FB33C4C6CB}.Debug|Any CPU.ActiveCfg = Debug|Any CPU
		{F79BB978-037D-4D0E-93FE-42FB33C4C6CB}.Debug|Any CPU.Build.0 = Debug|Any CPU
		{F79BB978-037D-4D0E-93FE-42FB33C4C6CB}.Release|Any CPU.ActiveCfg = Release|Any CPU
		{F79BB978-037D-4D0E-93FE-42FB33C4C6CB}.Release|Any CPU.Build.0 = Release|Any CPU
	EndGlobalSection
	GlobalSection(SolutionProperties) = preSolution
		HideSolutionNode = FALSE
	EndGlobalSection
	GlobalSection(ExtensibilityGlobals) = postSolution
		SolutionGuid = {B3145097-5491-4FD6-B44B-97A65E0C827C}
	EndGlobalSection
EndGlobal
