
Microsoft Visual Studio Solution File, Format Version 12.00
# Visual Studio Version 17
VisualStudioVersion = 17.5.33530.505
MinimumVisualStudioVersion = 10.0.40219.1
Project("{9A19103F-16F7-4668-BE54-9A1E7A4F7556}") = "CurOrdMVVM", "..\CurOrdMVVM\CurOrdMVVM.csproj", "{9E5FA68F-70D9-414F-8AC3-61D0FD4C3EA5}"
EndProject
Project("{9A19103F-16F7-4668-BE54-9A1E7A4F7556}") = "denMVVM", "denMVVM.csproj", "{9FD5F0D4-EE78-47F4-9464-E48EA8D92E67}"
EndProject
Project("{9A19103F-16F7-4668-BE54-9A1E7A4F7556}") = "ProBroMVVM", "..\ProBroMVVM\ProBroMVVM.csproj", "{6BFC2D76-1677-414D-880A-D1619FB5685A}"
EndProject
Project("{9A19103F-16F7-4668-BE54-9A1E7A4F7556}") = "OrdBroMVVM", "..\OrdBroMVVM\OrdBroMVVM.csproj", "{73A47EB0-0E9B-4C99-8D90-D923F3563B0F}"
EndProject
Project("{9A19103F-16F7-4668-BE54-9A1E7A4F7556}") = "WatchExplorerMVVM", "..\WatchExplorerMVVM\WatchExplorerMVVM.csproj", "{8636E0FF-C375-4E87-AA33-E46ABD26D415}"
EndProject
Project("{9A19103F-16F7-4668-BE54-9A1E7A4F7556}") = "CasioUKDeliveriesMVVM", "..\CasioUKDeliveriesMVVM\CasioUKDeliveriesMVVM.csproj", "{CEC7666D-D56D-48BE-B8DE-5C5B7E6D137F}"
EndProject
Project("{9A19103F-16F7-4668-BE54-9A1E7A4F7556}") = "StorageExplorerMVVM", "..\StorageExplorerMVVM\StorageExplorerMVVM.csproj", "{50765815-ACAA-4EC6-A63B-CED23EAE1310}"
EndProject
Project("{9A19103F-16F7-4668-BE54-9A1E7A4F7556}") = "ColourBrowserMVVM", "..\ColourBrowserMVVM\ColourBrowserMVVM.csproj", "{F5BFDD07-4E77-4F56-91B7-2F03A62F74A6}"
EndProject
Project("{9A19103F-16F7-4668-BE54-9A1E7A4F7556}") = "MayAlsoFitMVVM", "..\MayAlsoFitMVVM\MayAlsoFitMVVM.csproj", "{A359B345-6515-4E58-873F-753F8A8AEB03}"
EndProject
Project("{9A19103F-16F7-4668-BE54-9A1E7A4F7556}") = "TypesMVVM", "..\TypesMVVM\TypesMVVM.csproj", "{2D09D8E8-2725-4A18-B703-5086DDF298EF}"
EndProject
Project("{9A19103F-16F7-4668-BE54-9A1E7A4F7556}") = "ParametersMVVM", "..\ParametersMVVM\ParametersMVVM.csproj", "{F1AB199F-151F-4A6B-8CC4-6E06D357909C}"
EndProject
Project("{9A19103F-16F7-4668-BE54-9A1E7A4F7556}") = "denWPFSharedLibrary", "..\denWPFSharedLibrary\denWPFSharedLibrary.csproj", "{458B35C4-5A83-4A5C-BB95-683AB744BDAD}"
EndProject
Project("{9A19103F-16F7-4668-BE54-9A1E7A4F7556}") = "denTerminalScreen", "..\denTerminalScreen\denTerminalScreen.csproj", "{C6AD5A9B-0233-4E5D-A368-147B1B498C6D}"
EndProject
Project("{9A19103F-16F7-4668-BE54-9A1E7A4F7556}") = "PngAnimator", "..\PngAnimator\PngAnimator.csproj", "{73AB9400-25E1-4D33-A7D2-3347ACA8640A}"
EndProject
Project("{9A19103F-16F7-4668-BE54-9A1E7A4F7556}") = "denLabelMVVM", "..\denLabelMVVM\denLabelMVVM.csproj", "{714E4A24-B60E-438A-96EA-B45C8B40A492}"
EndProject
Project("{9A19103F-16F7-4668-BE54-9A1E7A4F7556}") = "BusinessDetailsControl", "..\BusinessDetailsControl\BusinessDetailsControl.csproj", "{3E824834-E572-4ED3-AE21-EEF78BB03A39}"
EndProject
Project("{9A19103F-16F7-4668-BE54-9A1E7A4F7556}") = "denLanguageResourses", "..\denLanguageResourses\denLanguageResourses.csproj", "{4F99CF53-81FF-4D16-B6C2-BEB7DE5A89A6}"
EndProject
Project("{9A19103F-16F7-4668-BE54-9A1E7A4F7556}") = "SalesSummaryControl", "..\SalesSummaryControl\SalesSummaryControl.csproj", "{238638EA-23A6-497A-875F-754627661B6B}"
EndProject
Project("{9A19103F-16F7-4668-BE54-9A1E7A4F7556}") = "denViewModels", "..\denViewModels\denViewModels.csproj", "{C691F176-29F3-4DB1-BAB5-FAB2392DE3D7}"
EndProject
Project("{9A19103F-16F7-4668-BE54-9A1E7A4F7556}") = "DataServicesNET80", "..\DataServicesNET80\DataServicesNET80.csproj", "{351FDF2D-707C-4927-96F1-975EB7B5FA3E}"
EndProject
Project("{9A19103F-16F7-4668-BE54-9A1E7A4F7556}") = "AmazonSPAPIClient", "..\AmazonSPAPIClient\AmazonSPAPIClient.csproj", "{A0E0403A-07DA-47B6-9E3E-5D42C315343C}"
EndProject
Project("{9A19103F-16F7-4668-BE54-9A1E7A4F7556}") = "denMethods", "..\denMethods\denMethods.csproj", "{5FD0608F-2FC5-467F-A613-214101BFAD53}"
EndProject
Project("{9A19103F-16F7-4668-BE54-9A1E7A4F7556}") = "denModels", "..\denModels\denModels.csproj", "{1E543396-E95D-40DF-AF49-9C545B8282CB}"
EndProject
Project("{9A19103F-16F7-4668-BE54-9A1E7A4F7556}") = "denSharedLibrary", "..\denSharedLibrary\denSharedLibrary.csproj", "{4CD449CF-DB12-439E-B84E-8B787364AF26}"
EndProject
Project("{9A19103F-16F7-4668-BE54-9A1E7A4F7556}") = "denPusher", "..\denPusher\denPusher.csproj", "{9A7017DF-7C8C-447F-8878-552A8BCFAAFF}"
EndProject
Project("{9A19103F-16F7-4668-BE54-9A1E7A4F7556}") = "denEbayNET80", "..\denEbayNET80\denEbayNET80.csproj", "{57416C93-D091-4F9C-89AA-93FF44DC9F80}"
EndProject
Project("{9A19103F-16F7-4668-BE54-9A1E7A4F7556}") = "denQuickbooksNET80", "..\denQuickbooksNET80\denQuickbooksNET80.csproj", "{00F0D8E0-1B4B-435E-B82B-072EF19D85B5}"
EndProject
Project("{9A19103F-16F7-4668-BE54-9A1E7A4F7556}") = "denSignalRClient", "..\denSignalRClient\denSignalRClient.csproj", "{1D5D970A-F5F3-4041-BB1B-DC50FC0D9019}"
EndProject
Project("{9A19103F-16F7-4668-BE54-9A1E7A4F7556}") = "MucPartsNET80", "..\MucPartsNET80\MucPartsNET80.csproj", "{D93A790C-6DBB-4755-8CE4-3F856EBE34E2}"
EndProject
Project("{9A19103F-16F7-4668-BE54-9A1E7A4F7556}") = "denWebServicesNET80", "..\denWebServicesNET80\denWebServicesNET80\denWebServicesNET80.csproj", "{96593792-8F65-4947-AEAF-73054052CF66}"
EndProject
Project("{FAE04EC0-301F-11D3-BF4B-00C04F79EFBC}") = "EmailService", "..\EmailService\EmailService.csproj", "{5BD044F4-16F6-48F3-8219-1E3EFB46C50F}"
EndProject
Project("{FAE04EC0-301F-11D3-BF4B-00C04F79EFBC}") = "EntityEventsService", "..\EntityEventsService\EntityEventsService.csproj", "{DB0A5ACD-D6F2-4E63-9E68-4282B300C476}"
EndProject
Project("{FAE04EC0-301F-11D3-BF4B-00C04F79EFBC}") = "EntityEventsServiceTests", "..\EntityEventsServiceTests\EntityEventsServiceTests.csproj", "{144C7946-A9EE-4341-9094-2CD55ADA3922}"
EndProject
Project("{FAE04EC0-301F-11D3-BF4B-00C04F79EFBC}") = "SettingsKeptInFile", "..\SettingsKeptInFile\SettingsKeptInFile.csproj", "{B4695C65-3ED5-4222-B516-3E05B166F071}"
EndProject
Project("{FAE04EC0-301F-11D3-BF4B-00C04F79EFBC}") = "Printers", "..\Printers\Printers.csproj", "{A9341998-2597-44E4-A26D-1FB31E77AD9D}"
EndProject
Project("{FAE04EC0-301F-11D3-BF4B-00C04F79EFBC}") = "denCore", "..\denCore\denCore.csproj", "{4CD751E7-F707-4AEF-BC7C-7EB82104A562}"
EndProject
Project("{FAE04EC0-301F-11D3-BF4B-00C04F79EFBC}") = "ColoursOperations", "..\ColoursOperations\ColoursOperations.csproj", "{269C652C-28D1-4BDD-89C3-201A61692AF0}"
EndProject
Project("{FAE04EC0-301F-11D3-BF4B-00C04F79EFBC}") = "OauthApi", "..\OauthApi\OauthApi.csproj", "{F3CD1E5D-190E-444D-AEC3-5BA2338E0A4F}"
EndProject
Project("{FAE04EC0-301F-11D3-BF4B-00C04F79EFBC}") = "DataServices.Adapter", "..\DataServices.Adapter\DataServices.Adapter.csproj", "{0CD8ADD2-21AA-431B-8316-DCAB397C4F55}"
EndProject
Global
	GlobalSection(SolutionConfigurationPlatforms) = preSolution
		Debug|Any CPU = Debug|Any CPU
		Debug|x64 = Debug|x64
		Release|Any CPU = Release|Any CPU
		Release|x64 = Release|x64
	EndGlobalSection
	GlobalSection(ProjectConfigurationPlatforms) = postSolution
		{9E5FA68F-70D9-414F-8AC3-61D0FD4C3EA5}.Debug|Any CPU.ActiveCfg = Debug|Any CPU
		{9E5FA68F-70D9-414F-8AC3-61D0FD4C3EA5}.Debug|Any CPU.Build.0 = Debug|Any CPU
		{9E5FA68F-70D9-414F-8AC3-61D0FD4C3EA5}.Debug|x64.ActiveCfg = Debug|Any CPU
		{9E5FA68F-70D9-414F-8AC3-61D0FD4C3EA5}.Debug|x64.Build.0 = Debug|Any CPU
		{9E5FA68F-70D9-414F-8AC3-61D0FD4C3EA5}.Release|Any CPU.ActiveCfg = Release|Any CPU
		{9E5FA68F-70D9-414F-8AC3-61D0FD4C3EA5}.Release|Any CPU.Build.0 = Release|Any CPU
		{9E5FA68F-70D9-414F-8AC3-61D0FD4C3EA5}.Release|x64.ActiveCfg = Release|Any CPU
		{9E5FA68F-70D9-414F-8AC3-61D0FD4C3EA5}.Release|x64.Build.0 = Release|Any CPU
		{9FD5F0D4-EE78-47F4-9464-E48EA8D92E67}.Debug|Any CPU.ActiveCfg = Debug|Any CPU
		{9FD5F0D4-EE78-47F4-9464-E48EA8D92E67}.Debug|Any CPU.Build.0 = Debug|Any CPU
		{9FD5F0D4-EE78-47F4-9464-E48EA8D92E67}.Debug|x64.ActiveCfg = Debug|Any CPU
		{9FD5F0D4-EE78-47F4-9464-E48EA8D92E67}.Debug|x64.Build.0 = Debug|Any CPU
		{9FD5F0D4-EE78-47F4-9464-E48EA8D92E67}.Release|Any CPU.ActiveCfg = Release|Any CPU
		{9FD5F0D4-EE78-47F4-9464-E48EA8D92E67}.Release|Any CPU.Build.0 = Release|Any CPU
		{9FD5F0D4-EE78-47F4-9464-E48EA8D92E67}.Release|x64.ActiveCfg = Release|Any CPU
		{9FD5F0D4-EE78-47F4-9464-E48EA8D92E67}.Release|x64.Build.0 = Release|Any CPU
		{6BFC2D76-1677-414D-880A-D1619FB5685A}.Debug|Any CPU.ActiveCfg = Debug|Any CPU
		{6BFC2D76-1677-414D-880A-D1619FB5685A}.Debug|Any CPU.Build.0 = Debug|Any CPU
		{6BFC2D76-1677-414D-880A-D1619FB5685A}.Debug|x64.ActiveCfg = Debug|Any CPU
		{6BFC2D76-1677-414D-880A-D1619FB5685A}.Debug|x64.Build.0 = Debug|Any CPU
		{6BFC2D76-1677-414D-880A-D1619FB5685A}.Release|Any CPU.ActiveCfg = Release|Any CPU
		{6BFC2D76-1677-414D-880A-D1619FB5685A}.Release|Any CPU.Build.0 = Release|Any CPU
		{6BFC2D76-1677-414D-880A-D1619FB5685A}.Release|x64.ActiveCfg = Release|Any CPU
		{6BFC2D76-1677-414D-880A-D1619FB5685A}.Release|x64.Build.0 = Release|Any CPU
		{73A47EB0-0E9B-4C99-8D90-D923F3563B0F}.Debug|Any CPU.ActiveCfg = Debug|Any CPU
		{73A47EB0-0E9B-4C99-8D90-D923F3563B0F}.Debug|Any CPU.Build.0 = Debug|Any CPU
		{73A47EB0-0E9B-4C99-8D90-D923F3563B0F}.Debug|x64.ActiveCfg = Debug|Any CPU
		{73A47EB0-0E9B-4C99-8D90-D923F3563B0F}.Debug|x64.Build.0 = Debug|Any CPU
		{73A47EB0-0E9B-4C99-8D90-D923F3563B0F}.Release|Any CPU.ActiveCfg = Release|Any CPU
		{73A47EB0-0E9B-4C99-8D90-D923F3563B0F}.Release|Any CPU.Build.0 = Release|Any CPU
		{73A47EB0-0E9B-4C99-8D90-D923F3563B0F}.Release|x64.ActiveCfg = Release|Any CPU
		{73A47EB0-0E9B-4C99-8D90-D923F3563B0F}.Release|x64.Build.0 = Release|Any CPU
		{8636E0FF-C375-4E87-AA33-E46ABD26D415}.Debug|Any CPU.ActiveCfg = Debug|Any CPU
		{8636E0FF-C375-4E87-AA33-E46ABD26D415}.Debug|Any CPU.Build.0 = Debug|Any CPU
		{8636E0FF-C375-4E87-AA33-E46ABD26D415}.Debug|x64.ActiveCfg = Debug|Any CPU
		{8636E0FF-C375-4E87-AA33-E46ABD26D415}.Debug|x64.Build.0 = Debug|Any CPU
		{8636E0FF-C375-4E87-AA33-E46ABD26D415}.Release|Any CPU.ActiveCfg = Release|Any CPU
		{8636E0FF-C375-4E87-AA33-E46ABD26D415}.Release|Any CPU.Build.0 = Release|Any CPU
		{8636E0FF-C375-4E87-AA33-E46ABD26D415}.Release|x64.ActiveCfg = Release|Any CPU
		{8636E0FF-C375-4E87-AA33-E46ABD26D415}.Release|x64.Build.0 = Release|Any CPU
		{CEC7666D-D56D-48BE-B8DE-5C5B7E6D137F}.Debug|Any CPU.ActiveCfg = Debug|Any CPU
		{CEC7666D-D56D-48BE-B8DE-5C5B7E6D137F}.Debug|Any CPU.Build.0 = Debug|Any CPU
		{CEC7666D-D56D-48BE-B8DE-5C5B7E6D137F}.Debug|x64.ActiveCfg = Debug|Any CPU
		{CEC7666D-D56D-48BE-B8DE-5C5B7E6D137F}.Debug|x64.Build.0 = Debug|Any CPU
		{CEC7666D-D56D-48BE-B8DE-5C5B7E6D137F}.Release|Any CPU.ActiveCfg = Release|Any CPU
		{CEC7666D-D56D-48BE-B8DE-5C5B7E6D137F}.Release|Any CPU.Build.0 = Release|Any CPU
		{CEC7666D-D56D-48BE-B8DE-5C5B7E6D137F}.Release|x64.ActiveCfg = Release|Any CPU
		{CEC7666D-D56D-48BE-B8DE-5C5B7E6D137F}.Release|x64.Build.0 = Release|Any CPU
		{50765815-ACAA-4EC6-A63B-CED23EAE1310}.Debug|Any CPU.ActiveCfg = Debug|Any CPU
		{50765815-ACAA-4EC6-A63B-CED23EAE1310}.Debug|Any CPU.Build.0 = Debug|Any CPU
		{50765815-ACAA-4EC6-A63B-CED23EAE1310}.Debug|x64.ActiveCfg = Debug|Any CPU
		{50765815-ACAA-4EC6-A63B-CED23EAE1310}.Debug|x64.Build.0 = Debug|Any CPU
		{50765815-ACAA-4EC6-A63B-CED23EAE1310}.Release|Any CPU.ActiveCfg = Release|Any CPU
		{50765815-ACAA-4EC6-A63B-CED23EAE1310}.Release|Any CPU.Build.0 = Release|Any CPU
		{50765815-ACAA-4EC6-A63B-CED23EAE1310}.Release|x64.ActiveCfg = Release|Any CPU
		{50765815-ACAA-4EC6-A63B-CED23EAE1310}.Release|x64.Build.0 = Release|Any CPU
		{F5BFDD07-4E77-4F56-91B7-2F03A62F74A6}.Debug|Any CPU.ActiveCfg = Debug|Any CPU
		{F5BFDD07-4E77-4F56-91B7-2F03A62F74A6}.Debug|Any CPU.Build.0 = Debug|Any CPU
		{F5BFDD07-4E77-4F56-91B7-2F03A62F74A6}.Debug|x64.ActiveCfg = Debug|Any CPU
		{F5BFDD07-4E77-4F56-91B7-2F03A62F74A6}.Debug|x64.Build.0 = Debug|Any CPU
		{F5BFDD07-4E77-4F56-91B7-2F03A62F74A6}.Release|Any CPU.ActiveCfg = Release|Any CPU
		{F5BFDD07-4E77-4F56-91B7-2F03A62F74A6}.Release|Any CPU.Build.0 = Release|Any CPU
		{F5BFDD07-4E77-4F56-91B7-2F03A62F74A6}.Release|x64.ActiveCfg = Release|Any CPU
		{F5BFDD07-4E77-4F56-91B7-2F03A62F74A6}.Release|x64.Build.0 = Release|Any CPU
		{A359B345-6515-4E58-873F-753F8A8AEB03}.Debug|Any CPU.ActiveCfg = Debug|Any CPU
		{A359B345-6515-4E58-873F-753F8A8AEB03}.Debug|Any CPU.Build.0 = Debug|Any CPU
		{A359B345-6515-4E58-873F-753F8A8AEB03}.Debug|x64.ActiveCfg = Debug|Any CPU
		{A359B345-6515-4E58-873F-753F8A8AEB03}.Debug|x64.Build.0 = Debug|Any CPU
		{A359B345-6515-4E58-873F-753F8A8AEB03}.Release|Any CPU.ActiveCfg = Release|Any CPU
		{A359B345-6515-4E58-873F-753F8A8AEB03}.Release|Any CPU.Build.0 = Release|Any CPU
		{A359B345-6515-4E58-873F-753F8A8AEB03}.Release|x64.ActiveCfg = Release|Any CPU
		{A359B345-6515-4E58-873F-753F8A8AEB03}.Release|x64.Build.0 = Release|Any CPU
		{2D09D8E8-2725-4A18-B703-5086DDF298EF}.Debug|Any CPU.ActiveCfg = Debug|Any CPU
		{2D09D8E8-2725-4A18-B703-5086DDF298EF}.Debug|Any CPU.Build.0 = Debug|Any CPU
		{2D09D8E8-2725-4A18-B703-5086DDF298EF}.Debug|x64.ActiveCfg = Debug|Any CPU
		{2D09D8E8-2725-4A18-B703-5086DDF298EF}.Debug|x64.Build.0 = Debug|Any CPU
		{2D09D8E8-2725-4A18-B703-5086DDF298EF}.Release|Any CPU.ActiveCfg = Release|Any CPU
		{2D09D8E8-2725-4A18-B703-5086DDF298EF}.Release|Any CPU.Build.0 = Release|Any CPU
		{2D09D8E8-2725-4A18-B703-5086DDF298EF}.Release|x64.ActiveCfg = Release|Any CPU
		{2D09D8E8-2725-4A18-B703-5086DDF298EF}.Release|x64.Build.0 = Release|Any CPU
		{F1AB199F-151F-4A6B-8CC4-6E06D357909C}.Debug|Any CPU.ActiveCfg = Debug|Any CPU
		{F1AB199F-151F-4A6B-8CC4-6E06D357909C}.Debug|Any CPU.Build.0 = Debug|Any CPU
		{F1AB199F-151F-4A6B-8CC4-6E06D357909C}.Debug|x64.ActiveCfg = Debug|Any CPU
		{F1AB199F-151F-4A6B-8CC4-6E06D357909C}.Debug|x64.Build.0 = Debug|Any CPU
		{F1AB199F-151F-4A6B-8CC4-6E06D357909C}.Release|Any CPU.ActiveCfg = Release|Any CPU
		{F1AB199F-151F-4A6B-8CC4-6E06D357909C}.Release|Any CPU.Build.0 = Release|Any CPU
		{F1AB199F-151F-4A6B-8CC4-6E06D357909C}.Release|x64.ActiveCfg = Release|Any CPU
		{F1AB199F-151F-4A6B-8CC4-6E06D357909C}.Release|x64.Build.0 = Release|Any CPU
		{458B35C4-5A83-4A5C-BB95-683AB744BDAD}.Debug|Any CPU.ActiveCfg = Debug|Any CPU
		{458B35C4-5A83-4A5C-BB95-683AB744BDAD}.Debug|Any CPU.Build.0 = Debug|Any CPU
		{458B35C4-5A83-4A5C-BB95-683AB744BDAD}.Debug|x64.ActiveCfg = Debug|Any CPU
		{458B35C4-5A83-4A5C-BB95-683AB744BDAD}.Debug|x64.Build.0 = Debug|Any CPU
		{458B35C4-5A83-4A5C-BB95-683AB744BDAD}.Release|Any CPU.ActiveCfg = Release|Any CPU
		{458B35C4-5A83-4A5C-BB95-683AB744BDAD}.Release|Any CPU.Build.0 = Release|Any CPU
		{458B35C4-5A83-4A5C-BB95-683AB744BDAD}.Release|x64.ActiveCfg = Release|Any CPU
		{458B35C4-5A83-4A5C-BB95-683AB744BDAD}.Release|x64.Build.0 = Release|Any CPU
		{C6AD5A9B-0233-4E5D-A368-147B1B498C6D}.Debug|Any CPU.ActiveCfg = Debug|Any CPU
		{C6AD5A9B-0233-4E5D-A368-147B1B498C6D}.Debug|Any CPU.Build.0 = Debug|Any CPU
		{C6AD5A9B-0233-4E5D-A368-147B1B498C6D}.Debug|x64.ActiveCfg = Debug|Any CPU
		{C6AD5A9B-0233-4E5D-A368-147B1B498C6D}.Debug|x64.Build.0 = Debug|Any CPU
		{C6AD5A9B-0233-4E5D-A368-147B1B498C6D}.Release|Any CPU.ActiveCfg = Release|Any CPU
		{C6AD5A9B-0233-4E5D-A368-147B1B498C6D}.Release|Any CPU.Build.0 = Release|Any CPU
		{C6AD5A9B-0233-4E5D-A368-147B1B498C6D}.Release|x64.ActiveCfg = Release|Any CPU
		{C6AD5A9B-0233-4E5D-A368-147B1B498C6D}.Release|x64.Build.0 = Release|Any CPU
		{73AB9400-25E1-4D33-A7D2-3347ACA8640A}.Debug|Any CPU.ActiveCfg = Debug|Any CPU
		{73AB9400-25E1-4D33-A7D2-3347ACA8640A}.Debug|Any CPU.Build.0 = Debug|Any CPU
		{73AB9400-25E1-4D33-A7D2-3347ACA8640A}.Debug|x64.ActiveCfg = Debug|Any CPU
		{73AB9400-25E1-4D33-A7D2-3347ACA8640A}.Debug|x64.Build.0 = Debug|Any CPU
		{73AB9400-25E1-4D33-A7D2-3347ACA8640A}.Release|Any CPU.ActiveCfg = Release|Any CPU
		{73AB9400-25E1-4D33-A7D2-3347ACA8640A}.Release|Any CPU.Build.0 = Release|Any CPU
		{73AB9400-25E1-4D33-A7D2-3347ACA8640A}.Release|x64.ActiveCfg = Release|Any CPU
		{73AB9400-25E1-4D33-A7D2-3347ACA8640A}.Release|x64.Build.0 = Release|Any CPU
		{714E4A24-B60E-438A-96EA-B45C8B40A492}.Debug|Any CPU.ActiveCfg = Debug|Any CPU
		{714E4A24-B60E-438A-96EA-B45C8B40A492}.Debug|Any CPU.Build.0 = Debug|Any CPU
		{714E4A24-B60E-438A-96EA-B45C8B40A492}.Debug|x64.ActiveCfg = Debug|Any CPU
		{714E4A24-B60E-438A-96EA-B45C8B40A492}.Debug|x64.Build.0 = Debug|Any CPU
		{714E4A24-B60E-438A-96EA-B45C8B40A492}.Release|Any CPU.ActiveCfg = Release|Any CPU
		{714E4A24-B60E-438A-96EA-B45C8B40A492}.Release|Any CPU.Build.0 = Release|Any CPU
		{714E4A24-B60E-438A-96EA-B45C8B40A492}.Release|x64.ActiveCfg = Release|Any CPU
		{714E4A24-B60E-438A-96EA-B45C8B40A492}.Release|x64.Build.0 = Release|Any CPU
		{3E824834-E572-4ED3-AE21-EEF78BB03A39}.Debug|Any CPU.ActiveCfg = Debug|Any CPU
		{3E824834-E572-4ED3-AE21-EEF78BB03A39}.Debug|Any CPU.Build.0 = Debug|Any CPU
		{3E824834-E572-4ED3-AE21-EEF78BB03A39}.Debug|x64.ActiveCfg = Debug|Any CPU
		{3E824834-E572-4ED3-AE21-EEF78BB03A39}.Debug|x64.Build.0 = Debug|Any CPU
		{3E824834-E572-4ED3-AE21-EEF78BB03A39}.Release|Any CPU.ActiveCfg = Release|Any CPU
		{3E824834-E572-4ED3-AE21-EEF78BB03A39}.Release|Any CPU.Build.0 = Release|Any CPU
		{3E824834-E572-4ED3-AE21-EEF78BB03A39}.Release|x64.ActiveCfg = Release|Any CPU
		{3E824834-E572-4ED3-AE21-EEF78BB03A39}.Release|x64.Build.0 = Release|Any CPU
		{4F99CF53-81FF-4D16-B6C2-BEB7DE5A89A6}.Debug|Any CPU.ActiveCfg = Debug|Any CPU
		{4F99CF53-81FF-4D16-B6C2-BEB7DE5A89A6}.Debug|Any CPU.Build.0 = Debug|Any CPU
		{4F99CF53-81FF-4D16-B6C2-BEB7DE5A89A6}.Debug|x64.ActiveCfg = Debug|Any CPU
		{4F99CF53-81FF-4D16-B6C2-BEB7DE5A89A6}.Debug|x64.Build.0 = Debug|Any CPU
		{4F99CF53-81FF-4D16-B6C2-BEB7DE5A89A6}.Release|Any CPU.ActiveCfg = Release|Any CPU
		{4F99CF53-81FF-4D16-B6C2-BEB7DE5A89A6}.Release|Any CPU.Build.0 = Release|Any CPU
		{4F99CF53-81FF-4D16-B6C2-BEB7DE5A89A6}.Release|x64.ActiveCfg = Release|Any CPU
		{4F99CF53-81FF-4D16-B6C2-BEB7DE5A89A6}.Release|x64.Build.0 = Release|Any CPU
		{238638EA-23A6-497A-875F-754627661B6B}.Debug|Any CPU.ActiveCfg = Debug|Any CPU
		{238638EA-23A6-497A-875F-754627661B6B}.Debug|Any CPU.Build.0 = Debug|Any CPU
		{238638EA-23A6-497A-875F-754627661B6B}.Debug|x64.ActiveCfg = Debug|Any CPU
		{238638EA-23A6-497A-875F-754627661B6B}.Debug|x64.Build.0 = Debug|Any CPU
		{238638EA-23A6-497A-875F-754627661B6B}.Release|Any CPU.ActiveCfg = Release|Any CPU
		{238638EA-23A6-497A-875F-754627661B6B}.Release|Any CPU.Build.0 = Release|Any CPU
		{238638EA-23A6-497A-875F-754627661B6B}.Release|x64.ActiveCfg = Release|Any CPU
		{238638EA-23A6-497A-875F-754627661B6B}.Release|x64.Build.0 = Release|Any CPU
		{C691F176-29F3-4DB1-BAB5-FAB2392DE3D7}.Debug|Any CPU.ActiveCfg = Debug|Any CPU
		{C691F176-29F3-4DB1-BAB5-FAB2392DE3D7}.Debug|Any CPU.Build.0 = Debug|Any CPU
		{C691F176-29F3-4DB1-BAB5-FAB2392DE3D7}.Debug|x64.ActiveCfg = Debug|Any CPU
		{C691F176-29F3-4DB1-BAB5-FAB2392DE3D7}.Debug|x64.Build.0 = Debug|Any CPU
		{C691F176-29F3-4DB1-BAB5-FAB2392DE3D7}.Release|Any CPU.ActiveCfg = Release|Any CPU
		{C691F176-29F3-4DB1-BAB5-FAB2392DE3D7}.Release|Any CPU.Build.0 = Release|Any CPU
		{C691F176-29F3-4DB1-BAB5-FAB2392DE3D7}.Release|x64.ActiveCfg = Release|Any CPU
		{C691F176-29F3-4DB1-BAB5-FAB2392DE3D7}.Release|x64.Build.0 = Release|Any CPU
		{351FDF2D-707C-4927-96F1-975EB7B5FA3E}.Debug|Any CPU.ActiveCfg = Debug|Any CPU
		{351FDF2D-707C-4927-96F1-975EB7B5FA3E}.Debug|Any CPU.Build.0 = Debug|Any CPU
		{351FDF2D-707C-4927-96F1-975EB7B5FA3E}.Debug|x64.ActiveCfg = Debug|Any CPU
		{351FDF2D-707C-4927-96F1-975EB7B5FA3E}.Debug|x64.Build.0 = Debug|Any CPU
		{351FDF2D-707C-4927-96F1-975EB7B5FA3E}.Release|Any CPU.ActiveCfg = Release|Any CPU
		{351FDF2D-707C-4927-96F1-975EB7B5FA3E}.Release|Any CPU.Build.0 = Release|Any CPU
		{351FDF2D-707C-4927-96F1-975EB7B5FA3E}.Release|x64.ActiveCfg = Release|Any CPU
		{351FDF2D-707C-4927-96F1-975EB7B5FA3E}.Release|x64.Build.0 = Release|Any CPU
		{A0E0403A-07DA-47B6-9E3E-5D42C315343C}.Debug|Any CPU.ActiveCfg = Debug|Any CPU
		{A0E0403A-07DA-47B6-9E3E-5D42C315343C}.Debug|Any CPU.Build.0 = Debug|Any CPU
		{A0E0403A-07DA-47B6-9E3E-5D42C315343C}.Debug|x64.ActiveCfg = Debug|x64
		{A0E0403A-07DA-47B6-9E3E-5D42C315343C}.Debug|x64.Build.0 = Debug|x64
		{A0E0403A-07DA-47B6-9E3E-5D42C315343C}.Release|Any CPU.ActiveCfg = Release|Any CPU
		{A0E0403A-07DA-47B6-9E3E-5D42C315343C}.Release|Any CPU.Build.0 = Release|Any CPU
		{A0E0403A-07DA-47B6-9E3E-5D42C315343C}.Release|x64.ActiveCfg = Release|x64
		{A0E0403A-07DA-47B6-9E3E-5D42C315343C}.Release|x64.Build.0 = Release|x64
		{5FD0608F-2FC5-467F-A613-214101BFAD53}.Debug|Any CPU.ActiveCfg = Debug|Any CPU
		{5FD0608F-2FC5-467F-A613-214101BFAD53}.Debug|Any CPU.Build.0 = Debug|Any CPU
		{5FD0608F-2FC5-467F-A613-214101BFAD53}.Debug|x64.ActiveCfg = Debug|Any CPU
		{5FD0608F-2FC5-467F-A613-214101BFAD53}.Debug|x64.Build.0 = Debug|Any CPU
		{5FD0608F-2FC5-467F-A613-214101BFAD53}.Release|Any CPU.ActiveCfg = Release|Any CPU
		{5FD0608F-2FC5-467F-A613-214101BFAD53}.Release|Any CPU.Build.0 = Release|Any CPU
		{5FD0608F-2FC5-467F-A613-214101BFAD53}.Release|x64.ActiveCfg = Release|Any CPU
		{5FD0608F-2FC5-467F-A613-214101BFAD53}.Release|x64.Build.0 = Release|Any CPU
		{1E543396-E95D-40DF-AF49-9C545B8282CB}.Debug|Any CPU.ActiveCfg = Debug|Any CPU
		{1E543396-E95D-40DF-AF49-9C545B8282CB}.Debug|Any CPU.Build.0 = Debug|Any CPU
		{1E543396-E95D-40DF-AF49-9C545B8282CB}.Debug|x64.ActiveCfg = Debug|Any CPU
		{1E543396-E95D-40DF-AF49-9C545B8282CB}.Debug|x64.Build.0 = Debug|Any CPU
		{1E543396-E95D-40DF-AF49-9C545B8282CB}.Release|Any CPU.ActiveCfg = Release|Any CPU
		{1E543396-E95D-40DF-AF49-9C545B8282CB}.Release|Any CPU.Build.0 = Release|Any CPU
		{1E543396-E95D-40DF-AF49-9C545B8282CB}.Release|x64.ActiveCfg = Release|Any CPU
		{1E543396-E95D-40DF-AF49-9C545B8282CB}.Release|x64.Build.0 = Release|Any CPU
		{4CD449CF-DB12-439E-B84E-8B787364AF26}.Debug|Any CPU.ActiveCfg = Debug|Any CPU
		{4CD449CF-DB12-439E-B84E-8B787364AF26}.Debug|Any CPU.Build.0 = Debug|Any CPU
		{4CD449CF-DB12-439E-B84E-8B787364AF26}.Debug|x64.ActiveCfg = Debug|Any CPU
		{4CD449CF-DB12-439E-B84E-8B787364AF26}.Debug|x64.Build.0 = Debug|Any CPU
		{4CD449CF-DB12-439E-B84E-8B787364AF26}.Release|Any CPU.ActiveCfg = Release|Any CPU
		{4CD449CF-DB12-439E-B84E-8B787364AF26}.Release|Any CPU.Build.0 = Release|Any CPU
		{4CD449CF-DB12-439E-B84E-8B787364AF26}.Release|x64.ActiveCfg = Release|Any CPU
		{4CD449CF-DB12-439E-B84E-8B787364AF26}.Release|x64.Build.0 = Release|Any CPU
		{9A7017DF-7C8C-447F-8878-552A8BCFAAFF}.Debug|Any CPU.ActiveCfg = Debug|Any CPU
		{9A7017DF-7C8C-447F-8878-552A8BCFAAFF}.Debug|Any CPU.Build.0 = Debug|Any CPU
		{9A7017DF-7C8C-447F-8878-552A8BCFAAFF}.Debug|x64.ActiveCfg = Debug|Any CPU
		{9A7017DF-7C8C-447F-8878-552A8BCFAAFF}.Debug|x64.Build.0 = Debug|Any CPU
		{9A7017DF-7C8C-447F-8878-552A8BCFAAFF}.Release|Any CPU.ActiveCfg = Release|Any CPU
		{9A7017DF-7C8C-447F-8878-552A8BCFAAFF}.Release|Any CPU.Build.0 = Release|Any CPU
		{9A7017DF-7C8C-447F-8878-552A8BCFAAFF}.Release|x64.ActiveCfg = Release|Any CPU
		{9A7017DF-7C8C-447F-8878-552A8BCFAAFF}.Release|x64.Build.0 = Release|Any CPU
		{57416C93-D091-4F9C-89AA-93FF44DC9F80}.Debug|Any CPU.ActiveCfg = Debug|Any CPU
		{57416C93-D091-4F9C-89AA-93FF44DC9F80}.Debug|Any CPU.Build.0 = Debug|Any CPU
		{57416C93-D091-4F9C-89AA-93FF44DC9F80}.Debug|x64.ActiveCfg = Debug|Any CPU
		{57416C93-D091-4F9C-89AA-93FF44DC9F80}.Debug|x64.Build.0 = Debug|Any CPU
		{57416C93-D091-4F9C-89AA-93FF44DC9F80}.Release|Any CPU.ActiveCfg = Release|Any CPU
		{57416C93-D091-4F9C-89AA-93FF44DC9F80}.Release|Any CPU.Build.0 = Release|Any CPU
		{57416C93-D091-4F9C-89AA-93FF44DC9F80}.Release|x64.ActiveCfg = Release|Any CPU
		{57416C93-D091-4F9C-89AA-93FF44DC9F80}.Release|x64.Build.0 = Release|Any CPU
		{00F0D8E0-1B4B-435E-B82B-072EF19D85B5}.Debug|Any CPU.ActiveCfg = Debug|Any CPU
		{00F0D8E0-1B4B-435E-B82B-072EF19D85B5}.Debug|Any CPU.Build.0 = Debug|Any CPU
		{00F0D8E0-1B4B-435E-B82B-072EF19D85B5}.Debug|x64.ActiveCfg = Debug|Any CPU
		{00F0D8E0-1B4B-435E-B82B-072EF19D85B5}.Debug|x64.Build.0 = Debug|Any CPU
		{00F0D8E0-1B4B-435E-B82B-072EF19D85B5}.Release|Any CPU.ActiveCfg = Release|Any CPU
		{00F0D8E0-1B4B-435E-B82B-072EF19D85B5}.Release|Any CPU.Build.0 = Release|Any CPU
		{00F0D8E0-1B4B-435E-B82B-072EF19D85B5}.Release|x64.ActiveCfg = Release|Any CPU
		{00F0D8E0-1B4B-435E-B82B-072EF19D85B5}.Release|x64.Build.0 = Release|Any CPU
		{1D5D970A-F5F3-4041-BB1B-DC50FC0D9019}.Debug|Any CPU.ActiveCfg = Debug|Any CPU
		{1D5D970A-F5F3-4041-BB1B-DC50FC0D9019}.Debug|Any CPU.Build.0 = Debug|Any CPU
		{1D5D970A-F5F3-4041-BB1B-DC50FC0D9019}.Debug|x64.ActiveCfg = Debug|Any CPU
		{1D5D970A-F5F3-4041-BB1B-DC50FC0D9019}.Debug|x64.Build.0 = Debug|Any CPU
		{1D5D970A-F5F3-4041-BB1B-DC50FC0D9019}.Release|Any CPU.ActiveCfg = Release|Any CPU
		{1D5D970A-F5F3-4041-BB1B-DC50FC0D9019}.Release|Any CPU.Build.0 = Release|Any CPU
		{1D5D970A-F5F3-4041-BB1B-DC50FC0D9019}.Release|x64.ActiveCfg = Release|Any CPU
		{1D5D970A-F5F3-4041-BB1B-DC50FC0D9019}.Release|x64.Build.0 = Release|Any CPU
		{D93A790C-6DBB-4755-8CE4-3F856EBE34E2}.Debug|Any CPU.ActiveCfg = Debug|Any CPU
		{D93A790C-6DBB-4755-8CE4-3F856EBE34E2}.Debug|Any CPU.Build.0 = Debug|Any CPU
		{D93A790C-6DBB-4755-8CE4-3F856EBE34E2}.Debug|x64.ActiveCfg = Debug|Any CPU
		{D93A790C-6DBB-4755-8CE4-3F856EBE34E2}.Debug|x64.Build.0 = Debug|Any CPU
		{D93A790C-6DBB-4755-8CE4-3F856EBE34E2}.Release|Any CPU.ActiveCfg = Release|Any CPU
		{D93A790C-6DBB-4755-8CE4-3F856EBE34E2}.Release|Any CPU.Build.0 = Release|Any CPU
		{D93A790C-6DBB-4755-8CE4-3F856EBE34E2}.Release|x64.ActiveCfg = Release|Any CPU
		{D93A790C-6DBB-4755-8CE4-3F856EBE34E2}.Release|x64.Build.0 = Release|Any CPU
		{96593792-8F65-4947-AEAF-73054052CF66}.Debug|Any CPU.ActiveCfg = Debug|Any CPU
		{96593792-8F65-4947-AEAF-73054052CF66}.Debug|Any CPU.Build.0 = Debug|Any CPU
		{96593792-8F65-4947-AEAF-73054052CF66}.Debug|x64.ActiveCfg = Debug|Any CPU
		{96593792-8F65-4947-AEAF-73054052CF66}.Debug|x64.Build.0 = Debug|Any CPU
		{96593792-8F65-4947-AEAF-73054052CF66}.Release|Any CPU.ActiveCfg = Release|Any CPU
		{96593792-8F65-4947-AEAF-73054052CF66}.Release|Any CPU.Build.0 = Release|Any CPU
		{96593792-8F65-4947-AEAF-73054052CF66}.Release|x64.ActiveCfg = Release|Any CPU
		{96593792-8F65-4947-AEAF-73054052CF66}.Release|x64.Build.0 = Release|Any CPU
		{5BD044F4-16F6-48F3-8219-1E3EFB46C50F}.Debug|Any CPU.ActiveCfg = Debug|Any CPU
		{5BD044F4-16F6-48F3-8219-1E3EFB46C50F}.Debug|Any CPU.Build.0 = Debug|Any CPU
		{5BD044F4-16F6-48F3-8219-1E3EFB46C50F}.Debug|x64.ActiveCfg = Debug|Any CPU
		{5BD044F4-16F6-48F3-8219-1E3EFB46C50F}.Debug|x64.Build.0 = Debug|Any CPU
		{5BD044F4-16F6-48F3-8219-1E3EFB46C50F}.Release|Any CPU.ActiveCfg = Release|Any CPU
		{5BD044F4-16F6-48F3-8219-1E3EFB46C50F}.Release|Any CPU.Build.0 = Release|Any CPU
		{5BD044F4-16F6-48F3-8219-1E3EFB46C50F}.Release|x64.ActiveCfg = Release|Any CPU
		{5BD044F4-16F6-48F3-8219-1E3EFB46C50F}.Release|x64.Build.0 = Release|Any CPU
		{DB0A5ACD-D6F2-4E63-9E68-4282B300C476}.Debug|Any CPU.ActiveCfg = Debug|Any CPU
		{DB0A5ACD-D6F2-4E63-9E68-4282B300C476}.Debug|Any CPU.Build.0 = Debug|Any CPU
		{DB0A5ACD-D6F2-4E63-9E68-4282B300C476}.Debug|x64.ActiveCfg = Debug|Any CPU
		{DB0A5ACD-D6F2-4E63-9E68-4282B300C476}.Debug|x64.Build.0 = Debug|Any CPU
		{DB0A5ACD-D6F2-4E63-9E68-4282B300C476}.Release|Any CPU.ActiveCfg = Release|Any CPU
		{DB0A5ACD-D6F2-4E63-9E68-4282B300C476}.Release|Any CPU.Build.0 = Release|Any CPU
		{DB0A5ACD-D6F2-4E63-9E68-4282B300C476}.Release|x64.ActiveCfg = Release|Any CPU
		{DB0A5ACD-D6F2-4E63-9E68-4282B300C476}.Release|x64.Build.0 = Release|Any CPU
		{144C7946-A9EE-4341-9094-2CD55ADA3922}.Debug|Any CPU.ActiveCfg = Debug|Any CPU
		{144C7946-A9EE-4341-9094-2CD55ADA3922}.Debug|Any CPU.Build.0 = Debug|Any CPU
		{144C7946-A9EE-4341-9094-2CD55ADA3922}.Debug|x64.ActiveCfg = Debug|Any CPU
		{144C7946-A9EE-4341-9094-2CD55ADA3922}.Debug|x64.Build.0 = Debug|Any CPU
		{144C7946-A9EE-4341-9094-2CD55ADA3922}.Release|Any CPU.ActiveCfg = Release|Any CPU
		{144C7946-A9EE-4341-9094-2CD55ADA3922}.Release|Any CPU.Build.0 = Release|Any CPU
		{144C7946-A9EE-4341-9094-2CD55ADA3922}.Release|x64.ActiveCfg = Release|Any CPU
		{144C7946-A9EE-4341-9094-2CD55ADA3922}.Release|x64.Build.0 = Release|Any CPU
		{B4695C65-3ED5-4222-B516-3E05B166F071}.Debug|Any CPU.ActiveCfg = Debug|Any CPU
		{B4695C65-3ED5-4222-B516-3E05B166F071}.Debug|Any CPU.Build.0 = Debug|Any CPU
		{B4695C65-3ED5-4222-B516-3E05B166F071}.Debug|x64.ActiveCfg = Debug|Any CPU
		{B4695C65-3ED5-4222-B516-3E05B166F071}.Debug|x64.Build.0 = Debug|Any CPU
		{B4695C65-3ED5-4222-B516-3E05B166F071}.Release|Any CPU.ActiveCfg = Release|Any CPU
		{B4695C65-3ED5-4222-B516-3E05B166F071}.Release|Any CPU.Build.0 = Release|Any CPU
		{B4695C65-3ED5-4222-B516-3E05B166F071}.Release|x64.ActiveCfg = Release|Any CPU
		{B4695C65-3ED5-4222-B516-3E05B166F071}.Release|x64.Build.0 = Release|Any CPU
		{A9341998-2597-44E4-A26D-1FB31E77AD9D}.Debug|Any CPU.ActiveCfg = Debug|Any CPU
		{A9341998-2597-44E4-A26D-1FB31E77AD9D}.Debug|Any CPU.Build.0 = Debug|Any CPU
		{A9341998-2597-44E4-A26D-1FB31E77AD9D}.Debug|x64.ActiveCfg = Debug|Any CPU
		{A9341998-2597-44E4-A26D-1FB31E77AD9D}.Debug|x64.Build.0 = Debug|Any CPU
		{A9341998-2597-44E4-A26D-1FB31E77AD9D}.Release|Any CPU.ActiveCfg = Release|Any CPU
		{A9341998-2597-44E4-A26D-1FB31E77AD9D}.Release|Any CPU.Build.0 = Release|Any CPU
		{A9341998-2597-44E4-A26D-1FB31E77AD9D}.Release|x64.ActiveCfg = Release|Any CPU
		{A9341998-2597-44E4-A26D-1FB31E77AD9D}.Release|x64.Build.0 = Release|Any CPU
		{4CD751E7-F707-4AEF-BC7C-7EB82104A562}.Debug|Any CPU.ActiveCfg = Debug|Any CPU
		{4CD751E7-F707-4AEF-BC7C-7EB82104A562}.Debug|Any CPU.Build.0 = Debug|Any CPU
		{4CD751E7-F707-4AEF-BC7C-7EB82104A562}.Debug|x64.ActiveCfg = Debug|Any CPU
		{4CD751E7-F707-4AEF-BC7C-7EB82104A562}.Debug|x64.Build.0 = Debug|Any CPU
		{4CD751E7-F707-4AEF-BC7C-7EB82104A562}.Release|Any CPU.ActiveCfg = Release|Any CPU
		{4CD751E7-F707-4AEF-BC7C-7EB82104A562}.Release|Any CPU.Build.0 = Release|Any CPU
		{4CD751E7-F707-4AEF-BC7C-7EB82104A562}.Release|x64.ActiveCfg = Release|Any CPU
		{4CD751E7-F707-4AEF-BC7C-7EB82104A562}.Release|x64.Build.0 = Release|Any CPU
		{269C652C-28D1-4BDD-89C3-201A61692AF0}.Debug|Any CPU.ActiveCfg = Debug|Any CPU
		{269C652C-28D1-4BDD-89C3-201A61692AF0}.Debug|Any CPU.Build.0 = Debug|Any CPU
		{269C652C-28D1-4BDD-89C3-201A61692AF0}.Debug|x64.ActiveCfg = Debug|Any CPU
		{269C652C-28D1-4BDD-89C3-201A61692AF0}.Debug|x64.Build.0 = Debug|Any CPU
		{269C652C-28D1-4BDD-89C3-201A61692AF0}.Release|Any CPU.ActiveCfg = Release|Any CPU
		{269C652C-28D1-4BDD-89C3-201A61692AF0}.Release|Any CPU.Build.0 = Release|Any CPU
		{269C652C-28D1-4BDD-89C3-201A61692AF0}.Release|x64.ActiveCfg = Release|Any CPU
		{269C652C-28D1-4BDD-89C3-201A61692AF0}.Release|x64.Build.0 = Release|Any CPU
		{F3CD1E5D-190E-444D-AEC3-5BA2338E0A4F}.Debug|Any CPU.ActiveCfg = Debug|Any CPU
		{F3CD1E5D-190E-444D-AEC3-5BA2338E0A4F}.Debug|Any CPU.Build.0 = Debug|Any CPU
		{F3CD1E5D-190E-444D-AEC3-5BA2338E0A4F}.Debug|x64.ActiveCfg = Debug|Any CPU
		{F3CD1E5D-190E-444D-AEC3-5BA2338E0A4F}.Debug|x64.Build.0 = Debug|Any CPU
		{F3CD1E5D-190E-444D-AEC3-5BA2338E0A4F}.Release|Any CPU.ActiveCfg = Release|Any CPU
		{F3CD1E5D-190E-444D-AEC3-5BA2338E0A4F}.Release|Any CPU.Build.0 = Release|Any CPU
		{F3CD1E5D-190E-444D-AEC3-5BA2338E0A4F}.Release|x64.ActiveCfg = Release|Any CPU
		{F3CD1E5D-190E-444D-AEC3-5BA2338E0A4F}.Release|x64.Build.0 = Release|Any CPU
		{0CD8ADD2-21AA-431B-8316-DCAB397C4F55}.Debug|Any CPU.ActiveCfg = Debug|Any CPU
		{0CD8ADD2-21AA-431B-8316-DCAB397C4F55}.Debug|Any CPU.Build.0 = Debug|Any CPU
		{0CD8ADD2-21AA-431B-8316-DCAB397C4F55}.Debug|x64.ActiveCfg = Debug|Any CPU
		{0CD8ADD2-21AA-431B-8316-DCAB397C4F55}.Debug|x64.Build.0 = Debug|Any CPU
		{0CD8ADD2-21AA-431B-8316-DCAB397C4F55}.Release|Any CPU.ActiveCfg = Release|Any CPU
		{0CD8ADD2-21AA-431B-8316-DCAB397C4F55}.Release|Any CPU.Build.0 = Release|Any CPU
		{0CD8ADD2-21AA-431B-8316-DCAB397C4F55}.Release|x64.ActiveCfg = Release|Any CPU
		{0CD8ADD2-21AA-431B-8316-DCAB397C4F55}.Release|x64.Build.0 = Release|Any CPU
	EndGlobalSection
	GlobalSection(SolutionProperties) = preSolution
		HideSolutionNode = FALSE
	EndGlobalSection
	GlobalSection(ExtensibilityGlobals) = postSolution
		SolutionGuid = {F8B3EE91-6510-4903-94E7-B0B177A4B2A9}
	EndGlobalSection
EndGlobal
